// !$*UTF8*$!
{
	archiveVersion = 1;
	classes = {
	};
	objectVersion = 55;
	objects = {

/* Begin PBXBuildFile section */
		4B0D01EA2A93F2E0005CF444 /* NeedleGenerated.swift in Sources */ = {isa = PBXBuildFile; fileRef = 4B0D01E92A93F2E0005CF444 /* NeedleGenerated.swift */; };
		4BBAE1D22B5F9FED00C50536 /* RequestMapperImpl.swift in Sources */ = {isa = PBXBuildFile; fileRef = 4BBAE1D12B5F9FED00C50536 /* RequestMapperImpl.swift */; };
		4BD71A4D2A85EB9D00EB8752 /* iosApp.swift in Sources */ = {isa = PBXBuildFile; fileRef = 4BD71A4C2A85EB9D00EB8752 /* iosApp.swift */; };
		4BD71A512A85EB9E00EB8752 /* Assets.xcassets in Resources */ = {isa = PBXBuildFile; fileRef = 4BD71A502A85EB9E00EB8752 /* Assets.xcassets */; };
		4BD71A542A85EB9E00EB8752 /* Preview Assets.xcassets in Resources */ = {isa = PBXBuildFile; fileRef = 4BD71A532A85EB9E00EB8752 /* Preview Assets.xcassets */; };
		4BD71A5E2A85F4DC00EB8752 /* Encoder.swift in Sources */ = {isa = PBXBuildFile; fileRef = 4BD71A5B2A85F4DC00EB8752 /* Encoder.swift */; };
		4BD71A5F2A85F4DC00EB8752 /* StringEncoder.swift in Sources */ = {isa = PBXBuildFile; fileRef = 4BD71A5C2A85F4DC00EB8752 /* StringEncoder.swift */; };
		4BD71A602A85F4DC00EB8752 /* JsonStringEncoder.swift in Sources */ = {isa = PBXBuildFile; fileRef = 4BD71A5D2A85F4DC00EB8752 /* JsonStringEncoder.swift */; };
		4BD71A682A85F52000EB8752 /* MoveMapperImpl.swift in Sources */ = {isa = PBXBuildFile; fileRef = 4BD71A632A85F52000EB8752 /* MoveMapperImpl.swift */; };
		4BD71A6A2A85F52000EB8752 /* CharacterMapperImpl.swift in Sources */ = {isa = PBXBuildFile; fileRef = 4BD71A652A85F52000EB8752 /* CharacterMapperImpl.swift */; };
		4BD71A6B2A85F52000EB8752 /* GameMapperImpl.swift in Sources */ = {isa = PBXBuildFile; fileRef = 4BD71A662A85F52000EB8752 /* GameMapperImpl.swift */; };
		4BD71A722A85F59800EB8752 /* ImageProvider.swift in Sources */ = {isa = PBXBuildFile; fileRef = 4BD71A6D2A85F59800EB8752 /* ImageProvider.swift */; };
		4BD71A742A85F59800EB8752 /* FavoritesProvider.swift in Sources */ = {isa = PBXBuildFile; fileRef = 4BD71A6F2A85F59800EB8752 /* FavoritesProvider.swift */; };
		4BD71A752A85F59800EB8752 /* ProviderCore.swift in Sources */ = {isa = PBXBuildFile; fileRef = 4BD71A702A85F59800EB8752 /* ProviderCore.swift */; };
		4BD71A762A85F59800EB8752 /* LoggingProvider.swift in Sources */ = {isa = PBXBuildFile; fileRef = 4BD71A712A85F59800EB8752 /* LoggingProvider.swift */; };
		4BD71A8C2A8B0D7300EB8752 /* GameComponent.swift in Sources */ = {isa = PBXBuildFile; fileRef = 4BD71A872A8B0D7300EB8752 /* GameComponent.swift */; };
		4BD71A8D2A8B0D7300EB8752 /* RootComponent.swift in Sources */ = {isa = PBXBuildFile; fileRef = 4BD71A882A8B0D7300EB8752 /* RootComponent.swift */; };
		4BD71A8E2A8B0D7300EB8752 /* MoveComponent.swift in Sources */ = {isa = PBXBuildFile; fileRef = 4BD71A892A8B0D7300EB8752 /* MoveComponent.swift */; };
		4BD71A8F2A8B0D7300EB8752 /* CharacterComponent.swift in Sources */ = {isa = PBXBuildFile; fileRef = 4BD71A8A2A8B0D7300EB8752 /* CharacterComponent.swift */; };
		4BD71A902A8B0D7300EB8752 /* HomeComponent.swift in Sources */ = {isa = PBXBuildFile; fileRef = 4BD71A8B2A8B0D7300EB8752 /* HomeComponent.swift */; };
		4BD71A972A8D8C7900EB8752 /* HomeView.swift in Sources */ = {isa = PBXBuildFile; fileRef = 4BD71A962A8D8C7900EB8752 /* HomeView.swift */; };
		4BD71A992A8D8F8300EB8752 /* GameView.swift in Sources */ = {isa = PBXBuildFile; fileRef = 4BD71A982A8D8F8300EB8752 /* GameView.swift */; };
		4BD71A9B2A8D8F9D00EB8752 /* CharView.swift in Sources */ = {isa = PBXBuildFile; fileRef = 4BD71A9A2A8D8F9D00EB8752 /* CharView.swift */; };
		4BD71A9D2A8D903A00EB8752 /* HomeRouterImpl.swift in Sources */ = {isa = PBXBuildFile; fileRef = 4BD71A9C2A8D903A00EB8752 /* HomeRouterImpl.swift */; };
		4BD71AA12A8EAECF00EB8752 /* Extension.swift in Sources */ = {isa = PBXBuildFile; fileRef = 4BD71AA02A8EAECF00EB8752 /* Extension.swift */; };
		4BD71AA42A8F086000EB8752 /* GameRouter.swift in Sources */ = {isa = PBXBuildFile; fileRef = 4BD71AA32A8F086000EB8752 /* GameRouter.swift */; };
		4BD71AA62A8F138800EB8752 /* CharRouterImpl.swift in Sources */ = {isa = PBXBuildFile; fileRef = 4BD71AA52A8F138800EB8752 /* CharRouterImpl.swift */; };
		4BD71AA82A8F15BD00EB8752 /* Typealias.swift in Sources */ = {isa = PBXBuildFile; fileRef = 4BD71AA72A8F15BD00EB8752 /* Typealias.swift */; };
		4BD71AAA2A8F165F00EB8752 /* RootView.swift in Sources */ = {isa = PBXBuildFile; fileRef = 4BD71AA92A8F165F00EB8752 /* RootView.swift */; };
		4BF5B6752B588D28003D600E /* StatusProvider.swift in Sources */ = {isa = PBXBuildFile; fileRef = 4BF5B6742B588D28003D600E /* StatusProvider.swift */; };
		4BF5B6772B5A1A57003D600E /* Publisher.swift in Sources */ = {isa = PBXBuildFile; fileRef = 4BF5B6762B5A1A57003D600E /* Publisher.swift */; };
		4BF5B6792B5A202E003D600E /* StatusMapper.swift in Sources */ = {isa = PBXBuildFile; fileRef = 4BF5B6782B5A202E003D600E /* StatusMapper.swift */; };
		9E169777FF902B2091A95DCA /* Pods_kofero.framework in Frameworks */ = {isa = PBXBuildFile; fileRef = 976876D6C60861A8745D9EA3 /* Pods_kofero.framework */; };
/* End PBXBuildFile section */

/* Begin PBXFileReference section */
		4B0D01E92A93F2E0005CF444 /* NeedleGenerated.swift */ = {isa = PBXFileReference; fileEncoding = 4; lastKnownFileType = sourcecode.swift; path = NeedleGenerated.swift; sourceTree = "<group>"; };
		4B0D01ED2A94073A005CF444 /* Info.plist */ = {isa = PBXFileReference; lastKnownFileType = text.plist; path = Info.plist; sourceTree = "<group>"; };
		4BBAE1D12B5F9FED00C50536 /* RequestMapperImpl.swift */ = {isa = PBXFileReference; lastKnownFileType = sourcecode.swift; path = RequestMapperImpl.swift; sourceTree = "<group>"; };
		4BD71A492A85EB9D00EB8752 /* kofero.app */ = {isa = PBXFileReference; explicitFileType = wrapper.application; includeInIndex = 0; path = kofero.app; sourceTree = BUILT_PRODUCTS_DIR; };
		4BD71A4C2A85EB9D00EB8752 /* iosApp.swift */ = {isa = PBXFileReference; lastKnownFileType = sourcecode.swift; path = iosApp.swift; sourceTree = "<group>"; };
		4BD71A502A85EB9E00EB8752 /* Assets.xcassets */ = {isa = PBXFileReference; lastKnownFileType = folder.assetcatalog; path = Assets.xcassets; sourceTree = "<group>"; };
		4BD71A532A85EB9E00EB8752 /* Preview Assets.xcassets */ = {isa = PBXFileReference; lastKnownFileType = folder.assetcatalog; path = "Preview Assets.xcassets"; sourceTree = "<group>"; };
		4BD71A5B2A85F4DC00EB8752 /* Encoder.swift */ = {isa = PBXFileReference; fileEncoding = 4; lastKnownFileType = sourcecode.swift; path = Encoder.swift; sourceTree = "<group>"; };
		4BD71A5C2A85F4DC00EB8752 /* StringEncoder.swift */ = {isa = PBXFileReference; fileEncoding = 4; lastKnownFileType = sourcecode.swift; path = StringEncoder.swift; sourceTree = "<group>"; };
		4BD71A5D2A85F4DC00EB8752 /* JsonStringEncoder.swift */ = {isa = PBXFileReference; fileEncoding = 4; lastKnownFileType = sourcecode.swift; path = JsonStringEncoder.swift; sourceTree = "<group>"; };
		4BD71A632A85F52000EB8752 /* MoveMapperImpl.swift */ = {isa = PBXFileReference; fileEncoding = 4; lastKnownFileType = sourcecode.swift; path = MoveMapperImpl.swift; sourceTree = "<group>"; };
		4BD71A652A85F52000EB8752 /* CharacterMapperImpl.swift */ = {isa = PBXFileReference; fileEncoding = 4; lastKnownFileType = sourcecode.swift; path = CharacterMapperImpl.swift; sourceTree = "<group>"; };
		4BD71A662A85F52000EB8752 /* GameMapperImpl.swift */ = {isa = PBXFileReference; fileEncoding = 4; lastKnownFileType = sourcecode.swift; path = GameMapperImpl.swift; sourceTree = "<group>"; };
		4BD71A6D2A85F59800EB8752 /* ImageProvider.swift */ = {isa = PBXFileReference; fileEncoding = 4; lastKnownFileType = sourcecode.swift; path = ImageProvider.swift; sourceTree = "<group>"; };
		4BD71A6F2A85F59800EB8752 /* FavoritesProvider.swift */ = {isa = PBXFileReference; fileEncoding = 4; lastKnownFileType = sourcecode.swift; path = FavoritesProvider.swift; sourceTree = "<group>"; };
		4BD71A702A85F59800EB8752 /* ProviderCore.swift */ = {isa = PBXFileReference; fileEncoding = 4; lastKnownFileType = sourcecode.swift; path = ProviderCore.swift; sourceTree = "<group>"; };
		4BD71A712A85F59800EB8752 /* LoggingProvider.swift */ = {isa = PBXFileReference; fileEncoding = 4; lastKnownFileType = sourcecode.swift; path = LoggingProvider.swift; sourceTree = "<group>"; };
		4BD71A872A8B0D7300EB8752 /* GameComponent.swift */ = {isa = PBXFileReference; fileEncoding = 4; lastKnownFileType = sourcecode.swift; path = GameComponent.swift; sourceTree = "<group>"; };
		4BD71A882A8B0D7300EB8752 /* RootComponent.swift */ = {isa = PBXFileReference; fileEncoding = 4; lastKnownFileType = sourcecode.swift; path = RootComponent.swift; sourceTree = "<group>"; };
		4BD71A892A8B0D7300EB8752 /* MoveComponent.swift */ = {isa = PBXFileReference; fileEncoding = 4; lastKnownFileType = sourcecode.swift; path = MoveComponent.swift; sourceTree = "<group>"; };
		4BD71A8A2A8B0D7300EB8752 /* CharacterComponent.swift */ = {isa = PBXFileReference; fileEncoding = 4; lastKnownFileType = sourcecode.swift; path = CharacterComponent.swift; sourceTree = "<group>"; };
		4BD71A8B2A8B0D7300EB8752 /* HomeComponent.swift */ = {isa = PBXFileReference; fileEncoding = 4; lastKnownFileType = sourcecode.swift; path = HomeComponent.swift; sourceTree = "<group>"; };
		4BD71A962A8D8C7900EB8752 /* HomeView.swift */ = {isa = PBXFileReference; lastKnownFileType = sourcecode.swift; path = HomeView.swift; sourceTree = "<group>"; };
		4BD71A982A8D8F8300EB8752 /* GameView.swift */ = {isa = PBXFileReference; lastKnownFileType = sourcecode.swift; path = GameView.swift; sourceTree = "<group>"; };
		4BD71A9A2A8D8F9D00EB8752 /* CharView.swift */ = {isa = PBXFileReference; lastKnownFileType = sourcecode.swift; path = CharView.swift; sourceTree = "<group>"; };
		4BD71A9C2A8D903A00EB8752 /* HomeRouterImpl.swift */ = {isa = PBXFileReference; lastKnownFileType = sourcecode.swift; path = HomeRouterImpl.swift; sourceTree = "<group>"; };
		4BD71AA02A8EAECF00EB8752 /* Extension.swift */ = {isa = PBXFileReference; lastKnownFileType = sourcecode.swift; path = Extension.swift; sourceTree = "<group>"; };
		4BD71AA32A8F086000EB8752 /* GameRouter.swift */ = {isa = PBXFileReference; lastKnownFileType = sourcecode.swift; path = GameRouter.swift; sourceTree = "<group>"; };
		4BD71AA52A8F138800EB8752 /* CharRouterImpl.swift */ = {isa = PBXFileReference; lastKnownFileType = sourcecode.swift; path = CharRouterImpl.swift; sourceTree = "<group>"; };
		4BD71AA72A8F15BD00EB8752 /* Typealias.swift */ = {isa = PBXFileReference; lastKnownFileType = sourcecode.swift; path = Typealias.swift; sourceTree = "<group>"; };
		4BD71AA92A8F165F00EB8752 /* RootView.swift */ = {isa = PBXFileReference; fileEncoding = 4; lastKnownFileType = sourcecode.swift; path = RootView.swift; sourceTree = "<group>"; };
		4BF5B6742B588D28003D600E /* StatusProvider.swift */ = {isa = PBXFileReference; lastKnownFileType = sourcecode.swift; path = StatusProvider.swift; sourceTree = "<group>"; };
		4BF5B6762B5A1A57003D600E /* Publisher.swift */ = {isa = PBXFileReference; lastKnownFileType = sourcecode.swift; path = Publisher.swift; sourceTree = "<group>"; };
		4BF5B6782B5A202E003D600E /* StatusMapper.swift */ = {isa = PBXFileReference; lastKnownFileType = sourcecode.swift; path = StatusMapper.swift; sourceTree = "<group>"; };
		5926CEBBF3AC4FF4D9BE7E25 /* Pods-kofero.release.xcconfig */ = {isa = PBXFileReference; includeInIndex = 1; lastKnownFileType = text.xcconfig; name = "Pods-kofero.release.xcconfig"; path = "Target Support Files/Pods-kofero/Pods-kofero.release.xcconfig"; sourceTree = "<group>"; };
		976876D6C60861A8745D9EA3 /* Pods_kofero.framework */ = {isa = PBXFileReference; explicitFileType = wrapper.framework; includeInIndex = 0; path = Pods_kofero.framework; sourceTree = BUILT_PRODUCTS_DIR; };
		EC45A293C1DC511ECF799781 /* Pods-kofero.debug.xcconfig */ = {isa = PBXFileReference; includeInIndex = 1; lastKnownFileType = text.xcconfig; name = "Pods-kofero.debug.xcconfig"; path = "Target Support Files/Pods-kofero/Pods-kofero.debug.xcconfig"; sourceTree = "<group>"; };
/* End PBXFileReference section */

/* Begin PBXFrameworksBuildPhase section */
		4BD71A462A85EB9D00EB8752 /* Frameworks */ = {
			isa = PBXFrameworksBuildPhase;
			buildActionMask = 2147483647;
			files = (
				9E169777FF902B2091A95DCA /* Pods_kofero.framework in Frameworks */,
			);
			runOnlyForDeploymentPostprocessing = 0;
		};
/* End PBXFrameworksBuildPhase section */

/* Begin PBXGroup section */
		4BD71A402A85EB9D00EB8752 = {
			isa = PBXGroup;
			children = (
				4BD71A4B2A85EB9D00EB8752 /* kofero */,
				4BD71A4A2A85EB9D00EB8752 /* Products */,
				7C2B9713EAB5AE47C504B2E4 /* Pods */,
				F3E36217C2A5B92CFF164699 /* Frameworks */,
			);
			sourceTree = "<group>";
		};
		4BD71A4A2A85EB9D00EB8752 /* Products */ = {
			isa = PBXGroup;
			children = (
				4BD71A492A85EB9D00EB8752 /* kofero.app */,
			);
			name = Products;
			sourceTree = "<group>";
		};
		4BD71A4B2A85EB9D00EB8752 /* kofero */ = {
			isa = PBXGroup;
			children = (
				4B0D01ED2A94073A005CF444 /* Info.plist */,
				4BD71A912A8D894F00EB8752 /* view */,
				4BD71A862A8B0D7300EB8752 /* di */,
				4BD71A6C2A85F59800EB8752 /* provider */,
				4BD71A612A85F52000EB8752 /* mapper */,
				4BD71A5A2A85F4DC00EB8752 /* encoder */,
				4BD71AA02A8EAECF00EB8752 /* Extension.swift */,
				4BD71A4C2A85EB9D00EB8752 /* iosApp.swift */,
				4B0D01E92A93F2E0005CF444 /* NeedleGenerated.swift */,
				4BD71A502A85EB9E00EB8752 /* Assets.xcassets */,
				4BD71A522A85EB9E00EB8752 /* Preview Content */,
				4BF5B6762B5A1A57003D600E /* Publisher.swift */,
			);
			path = kofero;
			sourceTree = "<group>";
		};
		4BD71A522A85EB9E00EB8752 /* Preview Content */ = {
			isa = PBXGroup;
			children = (
				4BD71A532A85EB9E00EB8752 /* Preview Assets.xcassets */,
			);
			path = "Preview Content";
			sourceTree = "<group>";
		};
		4BD71A5A2A85F4DC00EB8752 /* encoder */ = {
			isa = PBXGroup;
			children = (
				4BD71A5C2A85F4DC00EB8752 /* StringEncoder.swift */,
				4BD71A5B2A85F4DC00EB8752 /* Encoder.swift */,
				4BD71A5D2A85F4DC00EB8752 /* JsonStringEncoder.swift */,
			);
			path = encoder;
			sourceTree = "<group>";
		};
		4BD71A612A85F52000EB8752 /* mapper */ = {
			isa = PBXGroup;
			children = (
				4BD71A652A85F52000EB8752 /* CharacterMapperImpl.swift */,
				4BD71A662A85F52000EB8752 /* GameMapperImpl.swift */,
				4BD71A632A85F52000EB8752 /* MoveMapperImpl.swift */,
				4BF5B6782B5A202E003D600E /* StatusMapper.swift */,
				4BBAE1D12B5F9FED00C50536 /* RequestMapperImpl.swift */,
			);
			path = mapper;
			sourceTree = "<group>";
		};
		4BD71A6C2A85F59800EB8752 /* provider */ = {
			isa = PBXGroup;
			children = (
				4BD71A6D2A85F59800EB8752 /* ImageProvider.swift */,
				4BD71A6F2A85F59800EB8752 /* FavoritesProvider.swift */,
				4BD71A712A85F59800EB8752 /* LoggingProvider.swift */,
				4BD71A702A85F59800EB8752 /* ProviderCore.swift */,
				4BD71AA72A8F15BD00EB8752 /* Typealias.swift */,
				4BF5B6742B588D28003D600E /* StatusProvider.swift */,
			);
			path = provider;
			sourceTree = "<group>";
		};
		4BD71A862A8B0D7300EB8752 /* di */ = {
			isa = PBXGroup;
			children = (
				4BD71A872A8B0D7300EB8752 /* GameComponent.swift */,
				4BD71A882A8B0D7300EB8752 /* RootComponent.swift */,
				4BD71A892A8B0D7300EB8752 /* MoveComponent.swift */,
				4BD71A8A2A8B0D7300EB8752 /* CharacterComponent.swift */,
				4BD71A8B2A8B0D7300EB8752 /* HomeComponent.swift */,
			);
			path = di;
			sourceTree = "<group>";
		};
		4BD71A912A8D894F00EB8752 /* view */ = {
			isa = PBXGroup;
			children = (
				4BD71AA92A8F165F00EB8752 /* RootView.swift */,
				4BD71A952A8D897300EB8752 /* home */,
				4BD71A942A8D896E00EB8752 /* game */,
				4BD71A922A8D896000EB8752 /* char */,
			);
			path = view;
			sourceTree = "<group>";
		};
		4BD71A922A8D896000EB8752 /* char */ = {
			isa = PBXGroup;
			children = (
				4BD71AA52A8F138800EB8752 /* CharRouterImpl.swift */,
				4BD71A9A2A8D8F9D00EB8752 /* CharView.swift */,
			);
			path = char;
			sourceTree = "<group>";
		};
		4BD71A942A8D896E00EB8752 /* game */ = {
			isa = PBXGroup;
			children = (
				4BD71AA32A8F086000EB8752 /* GameRouter.swift */,
				4BD71A982A8D8F8300EB8752 /* GameView.swift */,
			);
			path = game;
			sourceTree = "<group>";
		};
		4BD71A952A8D897300EB8752 /* home */ = {
			isa = PBXGroup;
			children = (
				4BD71A9C2A8D903A00EB8752 /* HomeRouterImpl.swift */,
				4BD71A962A8D8C7900EB8752 /* HomeView.swift */,
			);
			path = home;
			sourceTree = "<group>";
		};
		7C2B9713EAB5AE47C504B2E4 /* Pods */ = {
			isa = PBXGroup;
			children = (
				EC45A293C1DC511ECF799781 /* Pods-kofero.debug.xcconfig */,
				5926CEBBF3AC4FF4D9BE7E25 /* Pods-kofero.release.xcconfig */,
			);
			path = Pods;
			sourceTree = "<group>";
		};
		F3E36217C2A5B92CFF164699 /* Frameworks */ = {
			isa = PBXGroup;
			children = (
				976876D6C60861A8745D9EA3 /* Pods_kofero.framework */,
			);
			name = Frameworks;
			sourceTree = "<group>";
		};
/* End PBXGroup section */

/* Begin PBXNativeTarget section */
		4BD71A482A85EB9D00EB8752 /* kofero */ = {
			isa = PBXNativeTarget;
			buildConfigurationList = 4BD71A572A85EB9E00EB8752 /* Build configuration list for PBXNativeTarget "kofero" */;
			buildPhases = (
				8901B00833273E65D205F8F2 /* [CP] Check Pods Manifest.lock */,
				4BD71A452A85EB9D00EB8752 /* Sources */,
				4B0D01E12A914D3E005CF444 /* ShellScript */,
				4BD71A462A85EB9D00EB8752 /* Frameworks */,
				4BD71A472A85EB9D00EB8752 /* Resources */,
				B67F3E5AE99269719CBA3CA6 /* [CP] Embed Pods Frameworks */,
			);
			buildRules = (
			);
			dependencies = (
			);
			name = kofero;
			productName = ios;
			productReference = 4BD71A492A85EB9D00EB8752 /* kofero.app */;
			productType = "com.apple.product-type.application";
		};
/* End PBXNativeTarget section */

/* Begin PBXProject section */
		4BD71A412A85EB9D00EB8752 /* Project object */ = {
			isa = PBXProject;
			attributes = {
				BuildIndependentTargetsInParallel = 1;
				LastSwiftUpdateCheck = 1330;
				LastUpgradeCheck = 1330;
				TargetAttributes = {
					4BD71A482A85EB9D00EB8752 = {
						CreatedOnToolsVersion = 13.3;
					};
				};
			};
			buildConfigurationList = 4BD71A442A85EB9D00EB8752 /* Build configuration list for PBXProject "kofero" */;
			compatibilityVersion = "Xcode 13.0";
			developmentRegion = en;
			hasScannedForEncodings = 0;
			knownRegions = (
				en,
				Base,
			);
			mainGroup = 4BD71A402A85EB9D00EB8752;
			productRefGroup = 4BD71A4A2A85EB9D00EB8752 /* Products */;
			projectDirPath = "";
			projectRoot = "";
			targets = (
				4BD71A482A85EB9D00EB8752 /* kofero */,
			);
		};
/* End PBXProject section */

/* Begin PBXResourcesBuildPhase section */
		4BD71A472A85EB9D00EB8752 /* Resources */ = {
			isa = PBXResourcesBuildPhase;
			buildActionMask = 2147483647;
			files = (
				4BD71A542A85EB9E00EB8752 /* Preview Assets.xcassets in Resources */,
				4BD71A512A85EB9E00EB8752 /* Assets.xcassets in Resources */,
			);
			runOnlyForDeploymentPostprocessing = 0;
		};
/* End PBXResourcesBuildPhase section */

/* Begin PBXShellScriptBuildPhase section */
		4B0D01E12A914D3E005CF444 /* ShellScript */ = {
			isa = PBXShellScriptBuildPhase;
			buildActionMask = 2147483647;
			files = (
			);
			inputFileListPaths = (
			);
			inputPaths = (
			);
			outputFileListPaths = (
			);
			outputPaths = (
			);
			runOnlyForDeploymentPostprocessing = 0;
			shellPath = /bin/sh;
			shellScript = "export SOURCEKIT_LOGGING=0 && needle generate kofero/NeedleGenerated.swift kofero/\n";
		};
		8901B00833273E65D205F8F2 /* [CP] Check Pods Manifest.lock */ = {
			isa = PBXShellScriptBuildPhase;
			buildActionMask = 2147483647;
			files = (
			);
			inputFileListPaths = (
			);
			inputPaths = (
				"${PODS_PODFILE_DIR_PATH}/Podfile.lock",
				"${PODS_ROOT}/Manifest.lock",
			);
			name = "[CP] Check Pods Manifest.lock";
			outputFileListPaths = (
			);
			outputPaths = (
				"$(DERIVED_FILE_DIR)/Pods-kofero-checkManifestLockResult.txt",
			);
			runOnlyForDeploymentPostprocessing = 0;
			shellPath = /bin/sh;
			shellScript = "diff \"${PODS_PODFILE_DIR_PATH}/Podfile.lock\" \"${PODS_ROOT}/Manifest.lock\" > /dev/null\nif [ $? != 0 ] ; then\n    # print error to STDERR\n    echo \"error: The sandbox is not in sync with the Podfile.lock. Run 'pod install' or update your CocoaPods installation.\" >&2\n    exit 1\nfi\n# This output is used by Xcode 'outputs' to avoid re-running this script phase.\necho \"SUCCESS\" > \"${SCRIPT_OUTPUT_FILE_0}\"\n";
			showEnvVarsInLog = 0;
		};
		B67F3E5AE99269719CBA3CA6 /* [CP] Embed Pods Frameworks */ = {
			isa = PBXShellScriptBuildPhase;
			buildActionMask = 2147483647;
			files = (
			);
			inputFileListPaths = (
				"${PODS_ROOT}/Target Support Files/Pods-kofero/Pods-kofero-frameworks-${CONFIGURATION}-input-files.xcfilelist",
			);
			name = "[CP] Embed Pods Frameworks";
			outputFileListPaths = (
				"${PODS_ROOT}/Target Support Files/Pods-kofero/Pods-kofero-frameworks-${CONFIGURATION}-output-files.xcfilelist",
			);
			runOnlyForDeploymentPostprocessing = 0;
			shellPath = /bin/sh;
			shellScript = "\"${PODS_ROOT}/Target Support Files/Pods-kofero/Pods-kofero-frameworks.sh\"\n";
			showEnvVarsInLog = 0;
		};
/* End PBXShellScriptBuildPhase section */

/* Begin PBXSourcesBuildPhase section */
		4BD71A452A85EB9D00EB8752 /* Sources */ = {
			isa = PBXSourcesBuildPhase;
			buildActionMask = 2147483647;
			files = (
				4BD71A742A85F59800EB8752 /* FavoritesProvider.swift in Sources */,
				4BD71A762A85F59800EB8752 /* LoggingProvider.swift in Sources */,
				4BD71A722A85F59800EB8752 /* ImageProvider.swift in Sources */,
				4BD71AAA2A8F165F00EB8752 /* RootView.swift in Sources */,
				4BD71A602A85F4DC00EB8752 /* JsonStringEncoder.swift in Sources */,
				4BD71A6B2A85F52000EB8752 /* GameMapperImpl.swift in Sources */,
				4BD71AA82A8F15BD00EB8752 /* Typealias.swift in Sources */,
				4BD71A8C2A8B0D7300EB8752 /* GameComponent.swift in Sources */,
				4BD71A9B2A8D8F9D00EB8752 /* CharView.swift in Sources */,
				4BD71A752A85F59800EB8752 /* ProviderCore.swift in Sources */,
				4BD71A8F2A8B0D7300EB8752 /* CharacterComponent.swift in Sources */,
				4B0D01EA2A93F2E0005CF444 /* NeedleGenerated.swift in Sources */,
				4BBAE1D22B5F9FED00C50536 /* RequestMapperImpl.swift in Sources */,
				4BD71A5F2A85F4DC00EB8752 /* StringEncoder.swift in Sources */,
				4BD71A6A2A85F52000EB8752 /* CharacterMapperImpl.swift in Sources */,
				4BD71A682A85F52000EB8752 /* MoveMapperImpl.swift in Sources */,
				4BD71A902A8B0D7300EB8752 /* HomeComponent.swift in Sources */,
				4BF5B6772B5A1A57003D600E /* Publisher.swift in Sources */,
				4BD71A8D2A8B0D7300EB8752 /* RootComponent.swift in Sources */,
				4BD71A9D2A8D903A00EB8752 /* HomeRouterImpl.swift in Sources */,
				4BF5B6792B5A202E003D600E /* StatusMapper.swift in Sources */,
				4BD71AA42A8F086000EB8752 /* GameRouter.swift in Sources */,
				4BD71A8E2A8B0D7300EB8752 /* MoveComponent.swift in Sources */,
				4BD71AA12A8EAECF00EB8752 /* Extension.swift in Sources */,
				4BD71A4D2A85EB9D00EB8752 /* iosApp.swift in Sources */,
				4BF5B6752B588D28003D600E /* StatusProvider.swift in Sources */,
				4BD71A972A8D8C7900EB8752 /* HomeView.swift in Sources */,
				4BD71AA62A8F138800EB8752 /* CharRouterImpl.swift in Sources */,
				4BD71A992A8D8F8300EB8752 /* GameView.swift in Sources */,
				4BD71A5E2A85F4DC00EB8752 /* Encoder.swift in Sources */,
			);
			runOnlyForDeploymentPostprocessing = 0;
		};
/* End PBXSourcesBuildPhase section */

/* Begin XCBuildConfiguration section */
		4BD71A552A85EB9E00EB8752 /* Debug */ = {
			isa = XCBuildConfiguration;
			buildSettings = {
				ALWAYS_SEARCH_USER_PATHS = NO;
				CLANG_ANALYZER_NONNULL = YES;
				CLANG_ANALYZER_NUMBER_OBJECT_CONVERSION = YES_AGGRESSIVE;
				CLANG_CXX_LANGUAGE_STANDARD = "gnu++17";
				CLANG_ENABLE_MODULES = YES;
				CLANG_ENABLE_OBJC_ARC = YES;
				CLANG_ENABLE_OBJC_WEAK = YES;
				CLANG_WARN_BLOCK_CAPTURE_AUTORELEASING = YES;
				CLANG_WARN_BOOL_CONVERSION = YES;
				CLANG_WARN_COMMA = YES;
				CLANG_WARN_CONSTANT_CONVERSION = YES;
				CLANG_WARN_DEPRECATED_OBJC_IMPLEMENTATIONS = YES;
				CLANG_WARN_DIRECT_OBJC_ISA_USAGE = YES_ERROR;
				CLANG_WARN_DOCUMENTATION_COMMENTS = YES;
				CLANG_WARN_EMPTY_BODY = YES;
				CLANG_WARN_ENUM_CONVERSION = YES;
				CLANG_WARN_INFINITE_RECURSION = YES;
				CLANG_WARN_INT_CONVERSION = YES;
				CLANG_WARN_NON_LITERAL_NULL_CONVERSION = YES;
				CLANG_WARN_OBJC_IMPLICIT_RETAIN_SELF = YES;
				CLANG_WARN_OBJC_LITERAL_CONVERSION = YES;
				CLANG_WARN_OBJC_ROOT_CLASS = YES_ERROR;
				CLANG_WARN_QUOTED_INCLUDE_IN_FRAMEWORK_HEADER = YES;
				CLANG_WARN_RANGE_LOOP_ANALYSIS = YES;
				CLANG_WARN_STRICT_PROTOTYPES = YES;
				CLANG_WARN_SUSPICIOUS_MOVE = YES;
				CLANG_WARN_UNGUARDED_AVAILABILITY = YES_AGGRESSIVE;
				CLANG_WARN_UNREACHABLE_CODE = YES;
				CLANG_WARN__DUPLICATE_METHOD_MATCH = YES;
				COPY_PHASE_STRIP = NO;
				DEBUG_INFORMATION_FORMAT = dwarf;
				ENABLE_STRICT_OBJC_MSGSEND = YES;
				ENABLE_TESTABILITY = YES;
				GCC_C_LANGUAGE_STANDARD = gnu11;
				GCC_DYNAMIC_NO_PIC = NO;
				GCC_NO_COMMON_BLOCKS = YES;
				GCC_OPTIMIZATION_LEVEL = 0;
				GCC_PREPROCESSOR_DEFINITIONS = (
					"DEBUG=1",
					"$(inherited)",
				);
				GCC_WARN_64_TO_32_BIT_CONVERSION = YES;
				GCC_WARN_ABOUT_RETURN_TYPE = YES_ERROR;
				GCC_WARN_UNDECLARED_SELECTOR = YES;
				GCC_WARN_UNINITIALIZED_AUTOS = YES_AGGRESSIVE;
				GCC_WARN_UNUSED_FUNCTION = YES;
				GCC_WARN_UNUSED_VARIABLE = YES;
				IPHONEOS_DEPLOYMENT_TARGET = 15.4;
				MTL_ENABLE_DEBUG_INFO = INCLUDE_SOURCE;
				MTL_FAST_MATH = YES;
				ONLY_ACTIVE_ARCH = YES;
				SDKROOT = iphoneos;
				SWIFT_ACTIVE_COMPILATION_CONDITIONS = DEBUG;
				SWIFT_OPTIMIZATION_LEVEL = "-Onone";
			};
			name = Debug;
		};
		4BD71A562A85EB9E00EB8752 /* Release */ = {
			isa = XCBuildConfiguration;
			buildSettings = {
				ALWAYS_SEARCH_USER_PATHS = NO;
				CLANG_ANALYZER_NONNULL = YES;
				CLANG_ANALYZER_NUMBER_OBJECT_CONVERSION = YES_AGGRESSIVE;
				CLANG_CXX_LANGUAGE_STANDARD = "gnu++17";
				CLANG_ENABLE_MODULES = YES;
				CLANG_ENABLE_OBJC_ARC = YES;
				CLANG_ENABLE_OBJC_WEAK = YES;
				CLANG_WARN_BLOCK_CAPTURE_AUTORELEASING = YES;
				CLANG_WARN_BOOL_CONVERSION = YES;
				CLANG_WARN_COMMA = YES;
				CLANG_WARN_CONSTANT_CONVERSION = YES;
				CLANG_WARN_DEPRECATED_OBJC_IMPLEMENTATIONS = YES;
				CLANG_WARN_DIRECT_OBJC_ISA_USAGE = YES_ERROR;
				CLANG_WARN_DOCUMENTATION_COMMENTS = YES;
				CLANG_WARN_EMPTY_BODY = YES;
				CLANG_WARN_ENUM_CONVERSION = YES;
				CLANG_WARN_INFINITE_RECURSION = YES;
				CLANG_WARN_INT_CONVERSION = YES;
				CLANG_WARN_NON_LITERAL_NULL_CONVERSION = YES;
				CLANG_WARN_OBJC_IMPLICIT_RETAIN_SELF = YES;
				CLANG_WARN_OBJC_LITERAL_CONVERSION = YES;
				CLANG_WARN_OBJC_ROOT_CLASS = YES_ERROR;
				CLANG_WARN_QUOTED_INCLUDE_IN_FRAMEWORK_HEADER = YES;
				CLANG_WARN_RANGE_LOOP_ANALYSIS = YES;
				CLANG_WARN_STRICT_PROTOTYPES = YES;
				CLANG_WARN_SUSPICIOUS_MOVE = YES;
				CLANG_WARN_UNGUARDED_AVAILABILITY = YES_AGGRESSIVE;
				CLANG_WARN_UNREACHABLE_CODE = YES;
				CLANG_WARN__DUPLICATE_METHOD_MATCH = YES;
				COPY_PHASE_STRIP = NO;
				DEBUG_INFORMATION_FORMAT = "dwarf-with-dsym";
				ENABLE_NS_ASSERTIONS = NO;
				ENABLE_STRICT_OBJC_MSGSEND = YES;
				GCC_C_LANGUAGE_STANDARD = gnu11;
				GCC_NO_COMMON_BLOCKS = YES;
				GCC_WARN_64_TO_32_BIT_CONVERSION = YES;
				GCC_WARN_ABOUT_RETURN_TYPE = YES_ERROR;
				GCC_WARN_UNDECLARED_SELECTOR = YES;
				GCC_WARN_UNINITIALIZED_AUTOS = YES_AGGRESSIVE;
				GCC_WARN_UNUSED_FUNCTION = YES;
				GCC_WARN_UNUSED_VARIABLE = YES;
				IPHONEOS_DEPLOYMENT_TARGET = 15.4;
				MTL_ENABLE_DEBUG_INFO = NO;
				MTL_FAST_MATH = YES;
				SDKROOT = iphoneos;
				SWIFT_COMPILATION_MODE = wholemodule;
				SWIFT_OPTIMIZATION_LEVEL = "-O";
				VALIDATE_PRODUCT = YES;
			};
			name = Release;
		};
		4BD71A582A85EB9E00EB8752 /* Debug */ = {
			isa = XCBuildConfiguration;
			baseConfigurationReference = EC45A293C1DC511ECF799781 /* Pods-kofero.debug.xcconfig */;
			buildSettings = {
				ASSETCATALOG_COMPILER_APPICON_NAME = AppIcon;
				ASSETCATALOG_COMPILER_GLOBAL_ACCENT_COLOR_NAME = AccentColor;
				CODE_SIGN_STYLE = Automatic;
				CURRENT_PROJECT_VERSION = 1;
				DEVELOPMENT_ASSET_PATHS = "\"kofero/Preview Content\"";
				DEVELOPMENT_TEAM = 3GDW646NZ5;
				ENABLE_PREVIEWS = YES;
				GENERATE_INFOPLIST_FILE = YES;
				INFOPLIST_FILE = kofero/Info.plist;
				INFOPLIST_KEY_LSApplicationCategoryType = "";
				INFOPLIST_KEY_UIApplicationSceneManifest_Generation = YES;
				INFOPLIST_KEY_UIApplicationSupportsIndirectInputEvents = YES;
				INFOPLIST_KEY_UILaunchScreen_Generation = YES;
				INFOPLIST_KEY_UISupportedInterfaceOrientations_iPad = "UIInterfaceOrientationPortrait UIInterfaceOrientationPortraitUpsideDown UIInterfaceOrientationLandscapeLeft UIInterfaceOrientationLandscapeRight";
				INFOPLIST_KEY_UISupportedInterfaceOrientations_iPhone = "UIInterfaceOrientationPortrait UIInterfaceOrientationLandscapeLeft UIInterfaceOrientationLandscapeRight";
				LD_RUNPATH_SEARCH_PATHS = (
					"$(inherited)",
					"@executable_path/Frameworks",
				);
				MARKETING_VERSION = 1.0;
				PRODUCT_BUNDLE_IDENTIFIER = ro.kofe;
				PRODUCT_NAME = "$(TARGET_NAME)";
				SWIFT_EMIT_LOC_STRINGS = YES;
				SWIFT_VERSION = 5.0;
				TARGETED_DEVICE_FAMILY = "1,2";
			};
			name = Debug;
		};
		4BD71A592A85EB9E00EB8752 /* Release */ = {
			isa = XCBuildConfiguration;
			baseConfigurationReference = 5926CEBBF3AC4FF4D9BE7E25 /* Pods-kofero.release.xcconfig */;
			buildSettings = {
				ASSETCATALOG_COMPILER_APPICON_NAME = AppIcon;
				ASSETCATALOG_COMPILER_GLOBAL_ACCENT_COLOR_NAME = AccentColor;
				CODE_SIGN_STYLE = Automatic;
				CURRENT_PROJECT_VERSION = 1;
				DEVELOPMENT_ASSET_PATHS = "\"kofero/Preview Content\"";
				DEVELOPMENT_TEAM = 3GDW646NZ5;
				ENABLE_PREVIEWS = YES;
				GENERATE_INFOPLIST_FILE = YES;
				INFOPLIST_FILE = kofero/Info.plist;
				INFOPLIST_KEY_LSApplicationCategoryType = "";
				INFOPLIST_KEY_UIApplicationSceneManifest_Generation = YES;
				INFOPLIST_KEY_UIApplicationSupportsIndirectInputEvents = YES;
				INFOPLIST_KEY_UILaunchScreen_Generation = YES;
				INFOPLIST_KEY_UISupportedInterfaceOrientations_iPad = "UIInterfaceOrientationPortrait UIInterfaceOrientationPortraitUpsideDown UIInterfaceOrientationLandscapeLeft UIInterfaceOrientationLandscapeRight";
				INFOPLIST_KEY_UISupportedInterfaceOrientations_iPhone = "UIInterfaceOrientationPortrait UIInterfaceOrientationLandscapeLeft UIInterfaceOrientationLandscapeRight";
				LD_RUNPATH_SEARCH_PATHS = (
					"$(inherited)",
					"@executable_path/Frameworks",
				);
				MARKETING_VERSION = 1.0;
				PRODUCT_BUNDLE_IDENTIFIER = ro.kofe;
				PRODUCT_NAME = "$(TARGET_NAME)";
				SWIFT_EMIT_LOC_STRINGS = YES;
				SWIFT_VERSION = 5.0;
				TARGETED_DEVICE_FAMILY = "1,2";
			};
			name = Release;
		};
/* End XCBuildConfiguration section */

/* Begin XCConfigurationList section */
		4BD71A442A85EB9D00EB8752 /* Build configuration list for PBXProject "kofero" */ = {
			isa = XCConfigurationList;
			buildConfigurations = (
				4BD71A552A85EB9E00EB8752 /* Debug */,
				4BD71A562A85EB9E00EB8752 /* Release */,
			);
			defaultConfigurationIsVisible = 0;
			defaultConfigurationName = Release;
		};
		4BD71A572A85EB9E00EB8752 /* Build configuration list for PBXNativeTarget "kofero" */ = {
			isa = XCConfigurationList;
			buildConfigurations = (
				4BD71A582A85EB9E00EB8752 /* Debug */,
				4BD71A592A85EB9E00EB8752 /* Release */,
			);
			defaultConfigurationIsVisible = 0;
			defaultConfigurationName = Release;
		};
/* End XCConfigurationList section */
	};
	rootObject = 4BD71A412A85EB9D00EB8752 /* Project object */;
}
