// !$*UTF8*$!
{
	archiveVersion = 1;
	classes = {
	};
	objectVersion = 55;
	objects = {

/* Begin PBXBuildFile section */
		4B060E1D2BADF3DC000211BD /* FirebaseAnalytics in Frameworks */ = {isa = PBXBuildFile; productRef = 4B060E1C2BADF3DC000211BD /* FirebaseAnalytics */; };
		4B060E1F2BADF3DC000211BD /* FirebaseAnalyticsSwift in Frameworks */ = {isa = PBXBuildFile; productRef = 4B060E1E2BADF3DC000211BD /* FirebaseAnalyticsSwift */; };
		4B060E212BADF3DC000211BD /* FirebaseCrashlytics in Frameworks */ = {isa = PBXBuildFile; productRef = 4B060E202BADF3DC000211BD /* FirebaseCrashlytics */; };
		4B060E232BAE0DCD000211BD /* GoogleService-Info.plist in Resources */ = {isa = PBXBuildFile; fileRef = 4B060E222BAE0DCD000211BD /* GoogleService-Info.plist */; };
		4B060E242BAE0DCD000211BD /* GoogleService-Info.plist in Resources */ = {isa = PBXBuildFile; fileRef = 4B060E222BAE0DCD000211BD /* GoogleService-Info.plist */; };
		4B060E252BAE0DCD000211BD /* GoogleService-Info.plist in Resources */ = {isa = PBXBuildFile; fileRef = 4B060E222BAE0DCD000211BD /* GoogleService-Info.plist */; };
		4B0D01EA2A93F2E0005CF444 /* NeedleGenerated.swift in Sources */ = {isa = PBXBuildFile; fileRef = 4B0D01E92A93F2E0005CF444 /* NeedleGenerated.swift */; };
		4B74094A2B6C5F1C00AB723A /* AuthDiskAccessorImpl.swift in Sources */ = {isa = PBXBuildFile; fileRef = 4B7409492B6C5F1C00AB723A /* AuthDiskAccessorImpl.swift */; };
		4B74094C2B6C5FB300AB723A /* AuthMapperImpl.swift in Sources */ = {isa = PBXBuildFile; fileRef = 4B74094B2B6C5FB300AB723A /* AuthMapperImpl.swift */; };
		4B74094E2B6C608800AB723A /* IdentityProviderImpl.swift in Sources */ = {isa = PBXBuildFile; fileRef = 4B74094D2B6C608800AB723A /* IdentityProviderImpl.swift */; };
		4B7409502B7307C000AB723A /* Route.swift in Sources */ = {isa = PBXBuildFile; fileRef = 4B74094F2B7307C000AB723A /* Route.swift */; };
		4B7409562B731D4900AB723A /* Assets.xcassets in Resources */ = {isa = PBXBuildFile; fileRef = 4B7409552B731D4900AB723A /* Assets.xcassets */; };
		4B74095C2B731D4A00AB723A /* koferoWatch WatchKit Extension.appex in Embed App Extensions */ = {isa = PBXBuildFile; fileRef = 4B74095B2B731D4A00AB723A /* koferoWatch WatchKit Extension.appex */; settings = {ATTRIBUTES = (RemoveHeadersOnCopy, ); }; };
		4B7409612B731D4A00AB723A /* koferoApp.swift in Sources */ = {isa = PBXBuildFile; fileRef = 4B7409602B731D4A00AB723A /* koferoApp.swift */; };
		4B7409632B731D4A00AB723A /* ContentView.swift in Sources */ = {isa = PBXBuildFile; fileRef = 4B7409622B731D4A00AB723A /* ContentView.swift */; };
		4B7409652B731D4A00AB723A /* NotificationController.swift in Sources */ = {isa = PBXBuildFile; fileRef = 4B7409642B731D4A00AB723A /* NotificationController.swift */; };
		4B7409672B731D4A00AB723A /* NotificationView.swift in Sources */ = {isa = PBXBuildFile; fileRef = 4B7409662B731D4A00AB723A /* NotificationView.swift */; };
		4B7409692B731D4A00AB723A /* ComplicationController.swift in Sources */ = {isa = PBXBuildFile; fileRef = 4B7409682B731D4A00AB723A /* ComplicationController.swift */; };
		4B74096B2B731D4B00AB723A /* Assets.xcassets in Resources */ = {isa = PBXBuildFile; fileRef = 4B74096A2B731D4B00AB723A /* Assets.xcassets */; };
		4B74096E2B731D4B00AB723A /* Preview Assets.xcassets in Resources */ = {isa = PBXBuildFile; fileRef = 4B74096D2B731D4B00AB723A /* Preview Assets.xcassets */; };
		4B7409732B731D4B00AB723A /* koferoWatch.app in Embed Watch Content */ = {isa = PBXBuildFile; fileRef = 4B7409532B731D4700AB723A /* koferoWatch.app */; settings = {ATTRIBUTES = (RemoveHeadersOnCopy, ); }; };
		4B74097F2B7F4A7D00AB723A /* FavoritesMapper.swift in Sources */ = {isa = PBXBuildFile; fileRef = 4B74097E2B7F4A7D00AB723A /* FavoritesMapper.swift */; };
		4BBAE1D22B5F9FED00C50536 /* RequestMapperImpl.swift in Sources */ = {isa = PBXBuildFile; fileRef = 4BBAE1D12B5F9FED00C50536 /* RequestMapperImpl.swift */; };
		4BBAE1D42B6050DC00C50536 /* DataMapper.swift in Sources */ = {isa = PBXBuildFile; fileRef = 4BBAE1D32B6050DC00C50536 /* DataMapper.swift */; };
		4BBAE1D62B60513500C50536 /* Mapper.swift in Sources */ = {isa = PBXBuildFile; fileRef = 4BBAE1D52B60513500C50536 /* Mapper.swift */; };
		4BBAE1DA2B61D71C00C50536 /* DiskAccessorImpl.swift in Sources */ = {isa = PBXBuildFile; fileRef = 4BBAE1D92B61D71C00C50536 /* DiskAccessorImpl.swift */; };
		4BBAE1DC2B61DE5200C50536 /* StateLoggerImpl.swift in Sources */ = {isa = PBXBuildFile; fileRef = 4BBAE1DB2B61DE5200C50536 /* StateLoggerImpl.swift */; };
		4BBAE1DE2B61E00C00C50536 /* StringMapper.swift in Sources */ = {isa = PBXBuildFile; fileRef = 4BBAE1DD2B61E00C00C50536 /* StringMapper.swift */; };
		4BBAE1E02B61E11100C50536 /* StateMapperImpl.swift in Sources */ = {isa = PBXBuildFile; fileRef = 4BBAE1DF2B61E11100C50536 /* StateMapperImpl.swift */; };
		4BD71A4D2A85EB9D00EB8752 /* iosApp.swift in Sources */ = {isa = PBXBuildFile; fileRef = 4BD71A4C2A85EB9D00EB8752 /* iosApp.swift */; };
		4BD71A512A85EB9E00EB8752 /* Assets.xcassets in Resources */ = {isa = PBXBuildFile; fileRef = 4BD71A502A85EB9E00EB8752 /* Assets.xcassets */; };
		4BD71A542A85EB9E00EB8752 /* Preview Assets.xcassets in Resources */ = {isa = PBXBuildFile; fileRef = 4BD71A532A85EB9E00EB8752 /* Preview Assets.xcassets */; };
		4BD71A5E2A85F4DC00EB8752 /* Encoder.swift in Sources */ = {isa = PBXBuildFile; fileRef = 4BD71A5B2A85F4DC00EB8752 /* Encoder.swift */; };
		4BD71A5F2A85F4DC00EB8752 /* StringEncoder.swift in Sources */ = {isa = PBXBuildFile; fileRef = 4BD71A5C2A85F4DC00EB8752 /* StringEncoder.swift */; };
		4BD71A602A85F4DC00EB8752 /* JsonStringEncoder.swift in Sources */ = {isa = PBXBuildFile; fileRef = 4BD71A5D2A85F4DC00EB8752 /* JsonStringEncoder.swift */; };
		4BD71A682A85F52000EB8752 /* MoveMapperImpl.swift in Sources */ = {isa = PBXBuildFile; fileRef = 4BD71A632A85F52000EB8752 /* MoveMapperImpl.swift */; };
		4BD71A6A2A85F52000EB8752 /* CharacterMapperImpl.swift in Sources */ = {isa = PBXBuildFile; fileRef = 4BD71A652A85F52000EB8752 /* CharacterMapperImpl.swift */; };
		4BD71A6B2A85F52000EB8752 /* GameMapperImpl.swift in Sources */ = {isa = PBXBuildFile; fileRef = 4BD71A662A85F52000EB8752 /* GameMapperImpl.swift */; };
		4BD71A722A85F59800EB8752 /* ImageProviderImpl.swift in Sources */ = {isa = PBXBuildFile; fileRef = 4BD71A6D2A85F59800EB8752 /* ImageProviderImpl.swift */; };
		4BD71A742A85F59800EB8752 /* FavoritesProviderImpl.swift in Sources */ = {isa = PBXBuildFile; fileRef = 4BD71A6F2A85F59800EB8752 /* FavoritesProviderImpl.swift */; };
		4BD71A762A85F59800EB8752 /* LoggingProviderImpl.swift in Sources */ = {isa = PBXBuildFile; fileRef = 4BD71A712A85F59800EB8752 /* LoggingProviderImpl.swift */; };
		4BD71A8C2A8B0D7300EB8752 /* GameComponent.swift in Sources */ = {isa = PBXBuildFile; fileRef = 4BD71A872A8B0D7300EB8752 /* GameComponent.swift */; };
		4BD71A8D2A8B0D7300EB8752 /* RootComponent.swift in Sources */ = {isa = PBXBuildFile; fileRef = 4BD71A882A8B0D7300EB8752 /* RootComponent.swift */; };
		4BD71A8E2A8B0D7300EB8752 /* MoveComponent.swift in Sources */ = {isa = PBXBuildFile; fileRef = 4BD71A892A8B0D7300EB8752 /* MoveComponent.swift */; };
		4BD71A8F2A8B0D7300EB8752 /* CharacterComponent.swift in Sources */ = {isa = PBXBuildFile; fileRef = 4BD71A8A2A8B0D7300EB8752 /* CharacterComponent.swift */; };
		4BD71A902A8B0D7300EB8752 /* HomeComponent.swift in Sources */ = {isa = PBXBuildFile; fileRef = 4BD71A8B2A8B0D7300EB8752 /* HomeComponent.swift */; };
		4BD71A972A8D8C7900EB8752 /* HomeView.swift in Sources */ = {isa = PBXBuildFile; fileRef = 4BD71A962A8D8C7900EB8752 /* HomeView.swift */; };
		4BD71A992A8D8F8300EB8752 /* GameView.swift in Sources */ = {isa = PBXBuildFile; fileRef = 4BD71A982A8D8F8300EB8752 /* GameView.swift */; };
		4BD71A9B2A8D8F9D00EB8752 /* CharView.swift in Sources */ = {isa = PBXBuildFile; fileRef = 4BD71A9A2A8D8F9D00EB8752 /* CharView.swift */; };
		4BD71AA12A8EAECF00EB8752 /* Extension.swift in Sources */ = {isa = PBXBuildFile; fileRef = 4BD71AA02A8EAECF00EB8752 /* Extension.swift */; };
		4BD71AA82A8F15BD00EB8752 /* Typealias.swift in Sources */ = {isa = PBXBuildFile; fileRef = 4BD71AA72A8F15BD00EB8752 /* Typealias.swift */; };
		4BD71AAA2A8F165F00EB8752 /* RootView.swift in Sources */ = {isa = PBXBuildFile; fileRef = 4BD71AA92A8F165F00EB8752 /* RootView.swift */; };
		4BE3B0592BB395F000BA25E8 /* CopyMapper.swift in Sources */ = {isa = PBXBuildFile; fileRef = 4BE3B0582BB395F000BA25E8 /* CopyMapper.swift */; };
		4BE92F8B2B66F598000C52A4 /* Router.swift in Sources */ = {isa = PBXBuildFile; fileRef = 4BE92F8A2B66F598000C52A4 /* Router.swift */; };
		4BE92F8D2B66F5C8000C52A4 /* RouterHost.swift in Sources */ = {isa = PBXBuildFile; fileRef = 4BE92F8C2B66F5C8000C52A4 /* RouterHost.swift */; };
		4BF5B6752B588D28003D600E /* StatusProviderImpl.swift in Sources */ = {isa = PBXBuildFile; fileRef = 4BF5B6742B588D28003D600E /* StatusProviderImpl.swift */; };
		4BF5B6772B5A1A57003D600E /* Publisher.swift in Sources */ = {isa = PBXBuildFile; fileRef = 4BF5B6762B5A1A57003D600E /* Publisher.swift */; };
		4BF5B6792B5A202E003D600E /* StatusMapperImpl.swift in Sources */ = {isa = PBXBuildFile; fileRef = 4BF5B6782B5A202E003D600E /* StatusMapperImpl.swift */; };
		9E169777FF902B2091A95DCA /* Pods_kofero.framework in Frameworks */ = {isa = PBXBuildFile; fileRef = 976876D6C60861A8745D9EA3 /* Pods_kofero.framework */; };
/* End PBXBuildFile section */

/* Begin PBXContainerItemProxy section */
		4B74095D2B731D4A00AB723A /* PBXContainerItemProxy */ = {
			isa = PBXContainerItemProxy;
			containerPortal = 4BD71A412A85EB9D00EB8752 /* Project object */;
			proxyType = 1;
			remoteGlobalIDString = 4B74095A2B731D4A00AB723A;
			remoteInfo = "koferoWatch WatchKit Extension";
		};
		4B7409712B731D4B00AB723A /* PBXContainerItemProxy */ = {
			isa = PBXContainerItemProxy;
			containerPortal = 4BD71A412A85EB9D00EB8752 /* Project object */;
			proxyType = 1;
			remoteGlobalIDString = 4B7409522B731D4700AB723A;
			remoteInfo = koferoWatch;
		};
/* End PBXContainerItemProxy section */

/* Begin PBXCopyFilesBuildPhase section */
		4B7409772B731D4B00AB723A /* Embed App Extensions */ = {
			isa = PBXCopyFilesBuildPhase;
			buildActionMask = 2147483647;
			dstPath = "";
			dstSubfolderSpec = 13;
			files = (
				4B74095C2B731D4A00AB723A /* koferoWatch WatchKit Extension.appex in Embed App Extensions */,
			);
			name = "Embed App Extensions";
			runOnlyForDeploymentPostprocessing = 0;
		};
		4B74097B2B731D4B00AB723A /* Embed Watch Content */ = {
			isa = PBXCopyFilesBuildPhase;
			buildActionMask = 2147483647;
			dstPath = "$(CONTENTS_FOLDER_PATH)/Watch";
			dstSubfolderSpec = 16;
			files = (
				4B7409732B731D4B00AB723A /* koferoWatch.app in Embed Watch Content */,
			);
			name = "Embed Watch Content";
			runOnlyForDeploymentPostprocessing = 0;
		};
/* End PBXCopyFilesBuildPhase section */

/* Begin PBXFileReference section */
		4B060E222BAE0DCD000211BD /* GoogleService-Info.plist */ = {isa = PBXFileReference; fileEncoding = 4; lastKnownFileType = text.plist.xml; path = "GoogleService-Info.plist"; sourceTree = "<group>"; };
		4B0D01E92A93F2E0005CF444 /* NeedleGenerated.swift */ = {isa = PBXFileReference; fileEncoding = 4; lastKnownFileType = sourcecode.swift; path = NeedleGenerated.swift; sourceTree = "<group>"; };
		4B0D01ED2A94073A005CF444 /* Info.plist */ = {isa = PBXFileReference; lastKnownFileType = text.plist; path = Info.plist; sourceTree = "<group>"; };
		4B7409492B6C5F1C00AB723A /* AuthDiskAccessorImpl.swift */ = {isa = PBXFileReference; lastKnownFileType = sourcecode.swift; path = AuthDiskAccessorImpl.swift; sourceTree = "<group>"; };
		4B74094B2B6C5FB300AB723A /* AuthMapperImpl.swift */ = {isa = PBXFileReference; lastKnownFileType = sourcecode.swift; path = AuthMapperImpl.swift; sourceTree = "<group>"; };
		4B74094D2B6C608800AB723A /* IdentityProviderImpl.swift */ = {isa = PBXFileReference; lastKnownFileType = sourcecode.swift; path = IdentityProviderImpl.swift; sourceTree = "<group>"; };
		4B74094F2B7307C000AB723A /* Route.swift */ = {isa = PBXFileReference; lastKnownFileType = sourcecode.swift; path = Route.swift; sourceTree = "<group>"; };
		4B7409532B731D4700AB723A /* koferoWatch.app */ = {isa = PBXFileReference; explicitFileType = wrapper.application; includeInIndex = 0; path = koferoWatch.app; sourceTree = BUILT_PRODUCTS_DIR; };
		4B7409552B731D4900AB723A /* Assets.xcassets */ = {isa = PBXFileReference; lastKnownFileType = folder.assetcatalog; path = Assets.xcassets; sourceTree = "<group>"; };
		4B74095B2B731D4A00AB723A /* koferoWatch WatchKit Extension.appex */ = {isa = PBXFileReference; explicitFileType = "wrapper.app-extension"; includeInIndex = 0; path = "koferoWatch WatchKit Extension.appex"; sourceTree = BUILT_PRODUCTS_DIR; };
		4B7409602B731D4A00AB723A /* koferoApp.swift */ = {isa = PBXFileReference; lastKnownFileType = sourcecode.swift; path = koferoApp.swift; sourceTree = "<group>"; };
		4B7409622B731D4A00AB723A /* ContentView.swift */ = {isa = PBXFileReference; lastKnownFileType = sourcecode.swift; path = ContentView.swift; sourceTree = "<group>"; };
		4B7409642B731D4A00AB723A /* NotificationController.swift */ = {isa = PBXFileReference; lastKnownFileType = sourcecode.swift; path = NotificationController.swift; sourceTree = "<group>"; };
		4B7409662B731D4A00AB723A /* NotificationView.swift */ = {isa = PBXFileReference; lastKnownFileType = sourcecode.swift; path = NotificationView.swift; sourceTree = "<group>"; };
		4B7409682B731D4A00AB723A /* ComplicationController.swift */ = {isa = PBXFileReference; lastKnownFileType = sourcecode.swift; path = ComplicationController.swift; sourceTree = "<group>"; };
		4B74096A2B731D4B00AB723A /* Assets.xcassets */ = {isa = PBXFileReference; lastKnownFileType = folder.assetcatalog; path = Assets.xcassets; sourceTree = "<group>"; };
		4B74096D2B731D4B00AB723A /* Preview Assets.xcassets */ = {isa = PBXFileReference; lastKnownFileType = folder.assetcatalog; path = "Preview Assets.xcassets"; sourceTree = "<group>"; };
		4B74096F2B731D4B00AB723A /* Info.plist */ = {isa = PBXFileReference; lastKnownFileType = text.plist.xml; path = Info.plist; sourceTree = "<group>"; };
		4B7409702B731D4B00AB723A /* PushNotificationPayload.apns */ = {isa = PBXFileReference; lastKnownFileType = text; path = PushNotificationPayload.apns; sourceTree = "<group>"; };
		4B74097E2B7F4A7D00AB723A /* FavoritesMapper.swift */ = {isa = PBXFileReference; lastKnownFileType = sourcecode.swift; path = FavoritesMapper.swift; sourceTree = "<group>"; };
		4BBAE1D12B5F9FED00C50536 /* RequestMapperImpl.swift */ = {isa = PBXFileReference; lastKnownFileType = sourcecode.swift; path = RequestMapperImpl.swift; sourceTree = "<group>"; };
		4BBAE1D32B6050DC00C50536 /* DataMapper.swift */ = {isa = PBXFileReference; lastKnownFileType = sourcecode.swift; path = DataMapper.swift; sourceTree = "<group>"; };
		4BBAE1D52B60513500C50536 /* Mapper.swift */ = {isa = PBXFileReference; lastKnownFileType = sourcecode.swift; path = Mapper.swift; sourceTree = "<group>"; };
		4BBAE1D92B61D71C00C50536 /* DiskAccessorImpl.swift */ = {isa = PBXFileReference; lastKnownFileType = sourcecode.swift; path = DiskAccessorImpl.swift; sourceTree = "<group>"; };
		4BBAE1DB2B61DE5200C50536 /* StateLoggerImpl.swift */ = {isa = PBXFileReference; lastKnownFileType = sourcecode.swift; path = StateLoggerImpl.swift; sourceTree = "<group>"; };
		4BBAE1DD2B61E00C00C50536 /* StringMapper.swift */ = {isa = PBXFileReference; lastKnownFileType = sourcecode.swift; path = StringMapper.swift; sourceTree = "<group>"; };
		4BBAE1DF2B61E11100C50536 /* StateMapperImpl.swift */ = {isa = PBXFileReference; lastKnownFileType = sourcecode.swift; path = StateMapperImpl.swift; sourceTree = "<group>"; };
		4BD71A492A85EB9D00EB8752 /* kofero.app */ = {isa = PBXFileReference; explicitFileType = wrapper.application; includeInIndex = 0; path = kofero.app; sourceTree = BUILT_PRODUCTS_DIR; };
		4BD71A4C2A85EB9D00EB8752 /* iosApp.swift */ = {isa = PBXFileReference; lastKnownFileType = sourcecode.swift; path = iosApp.swift; sourceTree = "<group>"; };
		4BD71A502A85EB9E00EB8752 /* Assets.xcassets */ = {isa = PBXFileReference; lastKnownFileType = folder.assetcatalog; path = Assets.xcassets; sourceTree = "<group>"; };
		4BD71A532A85EB9E00EB8752 /* Preview Assets.xcassets */ = {isa = PBXFileReference; lastKnownFileType = folder.assetcatalog; path = "Preview Assets.xcassets"; sourceTree = "<group>"; };
		4BD71A5B2A85F4DC00EB8752 /* Encoder.swift */ = {isa = PBXFileReference; fileEncoding = 4; lastKnownFileType = sourcecode.swift; path = Encoder.swift; sourceTree = "<group>"; };
		4BD71A5C2A85F4DC00EB8752 /* StringEncoder.swift */ = {isa = PBXFileReference; fileEncoding = 4; lastKnownFileType = sourcecode.swift; path = StringEncoder.swift; sourceTree = "<group>"; };
		4BD71A5D2A85F4DC00EB8752 /* JsonStringEncoder.swift */ = {isa = PBXFileReference; fileEncoding = 4; lastKnownFileType = sourcecode.swift; path = JsonStringEncoder.swift; sourceTree = "<group>"; };
		4BD71A632A85F52000EB8752 /* MoveMapperImpl.swift */ = {isa = PBXFileReference; fileEncoding = 4; lastKnownFileType = sourcecode.swift; path = MoveMapperImpl.swift; sourceTree = "<group>"; };
		4BD71A652A85F52000EB8752 /* CharacterMapperImpl.swift */ = {isa = PBXFileReference; fileEncoding = 4; lastKnownFileType = sourcecode.swift; path = CharacterMapperImpl.swift; sourceTree = "<group>"; };
		4BD71A662A85F52000EB8752 /* GameMapperImpl.swift */ = {isa = PBXFileReference; fileEncoding = 4; lastKnownFileType = sourcecode.swift; path = GameMapperImpl.swift; sourceTree = "<group>"; };
		4BD71A6D2A85F59800EB8752 /* ImageProviderImpl.swift */ = {isa = PBXFileReference; fileEncoding = 4; lastKnownFileType = sourcecode.swift; path = ImageProviderImpl.swift; sourceTree = "<group>"; };
		4BD71A6F2A85F59800EB8752 /* FavoritesProviderImpl.swift */ = {isa = PBXFileReference; fileEncoding = 4; lastKnownFileType = sourcecode.swift; path = FavoritesProviderImpl.swift; sourceTree = "<group>"; };
		4BD71A712A85F59800EB8752 /* LoggingProviderImpl.swift */ = {isa = PBXFileReference; fileEncoding = 4; lastKnownFileType = sourcecode.swift; path = LoggingProviderImpl.swift; sourceTree = "<group>"; };
		4BD71A872A8B0D7300EB8752 /* GameComponent.swift */ = {isa = PBXFileReference; fileEncoding = 4; lastKnownFileType = sourcecode.swift; path = GameComponent.swift; sourceTree = "<group>"; };
		4BD71A882A8B0D7300EB8752 /* RootComponent.swift */ = {isa = PBXFileReference; fileEncoding = 4; lastKnownFileType = sourcecode.swift; path = RootComponent.swift; sourceTree = "<group>"; };
		4BD71A892A8B0D7300EB8752 /* MoveComponent.swift */ = {isa = PBXFileReference; fileEncoding = 4; lastKnownFileType = sourcecode.swift; path = MoveComponent.swift; sourceTree = "<group>"; };
		4BD71A8A2A8B0D7300EB8752 /* CharacterComponent.swift */ = {isa = PBXFileReference; fileEncoding = 4; lastKnownFileType = sourcecode.swift; path = CharacterComponent.swift; sourceTree = "<group>"; };
		4BD71A8B2A8B0D7300EB8752 /* HomeComponent.swift */ = {isa = PBXFileReference; fileEncoding = 4; lastKnownFileType = sourcecode.swift; path = HomeComponent.swift; sourceTree = "<group>"; };
		4BD71A962A8D8C7900EB8752 /* HomeView.swift */ = {isa = PBXFileReference; lastKnownFileType = sourcecode.swift; path = HomeView.swift; sourceTree = "<group>"; };
		4BD71A982A8D8F8300EB8752 /* GameView.swift */ = {isa = PBXFileReference; lastKnownFileType = sourcecode.swift; path = GameView.swift; sourceTree = "<group>"; };
		4BD71A9A2A8D8F9D00EB8752 /* CharView.swift */ = {isa = PBXFileReference; lastKnownFileType = sourcecode.swift; path = CharView.swift; sourceTree = "<group>"; };
		4BD71AA02A8EAECF00EB8752 /* Extension.swift */ = {isa = PBXFileReference; lastKnownFileType = sourcecode.swift; path = Extension.swift; sourceTree = "<group>"; };
		4BD71AA72A8F15BD00EB8752 /* Typealias.swift */ = {isa = PBXFileReference; lastKnownFileType = sourcecode.swift; path = Typealias.swift; sourceTree = "<group>"; };
		4BD71AA92A8F165F00EB8752 /* RootView.swift */ = {isa = PBXFileReference; fileEncoding = 4; lastKnownFileType = sourcecode.swift; path = RootView.swift; sourceTree = "<group>"; };
		4BE3B0582BB395F000BA25E8 /* CopyMapper.swift */ = {isa = PBXFileReference; lastKnownFileType = sourcecode.swift; path = CopyMapper.swift; sourceTree = "<group>"; };
		4BE92F8A2B66F598000C52A4 /* Router.swift */ = {isa = PBXFileReference; lastKnownFileType = sourcecode.swift; path = Router.swift; sourceTree = "<group>"; };
		4BE92F8C2B66F5C8000C52A4 /* RouterHost.swift */ = {isa = PBXFileReference; lastKnownFileType = sourcecode.swift; path = RouterHost.swift; sourceTree = "<group>"; };
		4BF5B6742B588D28003D600E /* StatusProviderImpl.swift */ = {isa = PBXFileReference; lastKnownFileType = sourcecode.swift; path = StatusProviderImpl.swift; sourceTree = "<group>"; };
		4BF5B6762B5A1A57003D600E /* Publisher.swift */ = {isa = PBXFileReference; lastKnownFileType = sourcecode.swift; path = Publisher.swift; sourceTree = "<group>"; };
		4BF5B6782B5A202E003D600E /* StatusMapperImpl.swift */ = {isa = PBXFileReference; lastKnownFileType = sourcecode.swift; path = StatusMapperImpl.swift; sourceTree = "<group>"; };
		5926CEBBF3AC4FF4D9BE7E25 /* Pods-kofero.release.xcconfig */ = {isa = PBXFileReference; includeInIndex = 1; lastKnownFileType = text.xcconfig; name = "Pods-kofero.release.xcconfig"; path = "Target Support Files/Pods-kofero/Pods-kofero.release.xcconfig"; sourceTree = "<group>"; };
		976876D6C60861A8745D9EA3 /* Pods_kofero.framework */ = {isa = PBXFileReference; explicitFileType = wrapper.framework; includeInIndex = 0; path = Pods_kofero.framework; sourceTree = BUILT_PRODUCTS_DIR; };
		EC45A293C1DC511ECF799781 /* Pods-kofero.debug.xcconfig */ = {isa = PBXFileReference; includeInIndex = 1; lastKnownFileType = text.xcconfig; name = "Pods-kofero.debug.xcconfig"; path = "Target Support Files/Pods-kofero/Pods-kofero.debug.xcconfig"; sourceTree = "<group>"; };
/* End PBXFileReference section */

/* Begin PBXFrameworksBuildPhase section */
		4B7409582B731D4A00AB723A /* Frameworks */ = {
			isa = PBXFrameworksBuildPhase;
			buildActionMask = 2147483647;
			files = (
			);
			runOnlyForDeploymentPostprocessing = 0;
		};
		4BD71A462A85EB9D00EB8752 /* Frameworks */ = {
			isa = PBXFrameworksBuildPhase;
			buildActionMask = 2147483647;
			files = (
				4B060E1F2BADF3DC000211BD /* FirebaseAnalyticsSwift in Frameworks */,
				4B060E212BADF3DC000211BD /* FirebaseCrashlytics in Frameworks */,
				4B060E1D2BADF3DC000211BD /* FirebaseAnalytics in Frameworks */,
				9E169777FF902B2091A95DCA /* Pods_kofero.framework in Frameworks */,
			);
			runOnlyForDeploymentPostprocessing = 0;
		};
/* End PBXFrameworksBuildPhase section */

/* Begin PBXGroup section */
		4B7409542B731D4700AB723A /* koferoWatch */ = {
			isa = PBXGroup;
			children = (
				4B7409552B731D4900AB723A /* Assets.xcassets */,
			);
			path = koferoWatch;
			sourceTree = "<group>";
		};
		4B74095F2B731D4A00AB723A /* koferoWatch WatchKit Extension */ = {
			isa = PBXGroup;
			children = (
				4B7409602B731D4A00AB723A /* koferoApp.swift */,
				4B7409622B731D4A00AB723A /* ContentView.swift */,
				4B7409642B731D4A00AB723A /* NotificationController.swift */,
				4B7409662B731D4A00AB723A /* NotificationView.swift */,
				4B7409682B731D4A00AB723A /* ComplicationController.swift */,
				4B74096A2B731D4B00AB723A /* Assets.xcassets */,
				4B74096F2B731D4B00AB723A /* Info.plist */,
				4B7409702B731D4B00AB723A /* PushNotificationPayload.apns */,
				4B74096C2B731D4B00AB723A /* Preview Content */,
			);
			path = "koferoWatch WatchKit Extension";
			sourceTree = "<group>";
		};
		4B74096C2B731D4B00AB723A /* Preview Content */ = {
			isa = PBXGroup;
			children = (
				4B74096D2B731D4B00AB723A /* Preview Assets.xcassets */,
			);
			path = "Preview Content";
			sourceTree = "<group>";
		};
		4BD71A402A85EB9D00EB8752 = {
			isa = PBXGroup;
			children = (
				4BD71A4B2A85EB9D00EB8752 /* kofero */,
				4B7409542B731D4700AB723A /* koferoWatch */,
				4B74095F2B731D4A00AB723A /* koferoWatch WatchKit Extension */,
				4BD71A4A2A85EB9D00EB8752 /* Products */,
				7C2B9713EAB5AE47C504B2E4 /* Pods */,
				F3E36217C2A5B92CFF164699 /* Frameworks */,
			);
			sourceTree = "<group>";
		};
		4BD71A4A2A85EB9D00EB8752 /* Products */ = {
			isa = PBXGroup;
			children = (
				4BD71A492A85EB9D00EB8752 /* kofero.app */,
				4B7409532B731D4700AB723A /* koferoWatch.app */,
				4B74095B2B731D4A00AB723A /* koferoWatch WatchKit Extension.appex */,
			);
			name = Products;
			sourceTree = "<group>";
		};
		4BD71A4B2A85EB9D00EB8752 /* kofero */ = {
			isa = PBXGroup;
			children = (
				4B060E222BAE0DCD000211BD /* GoogleService-Info.plist */,
				4B0D01ED2A94073A005CF444 /* Info.plist */,
				4BD71A912A8D894F00EB8752 /* view */,
				4BD71A862A8B0D7300EB8752 /* di */,
				4BD71A6C2A85F59800EB8752 /* provider */,
				4BD71A612A85F52000EB8752 /* mapper */,
				4BD71A5A2A85F4DC00EB8752 /* encoder */,
				4BD71AA02A8EAECF00EB8752 /* Extension.swift */,
				4BD71AA72A8F15BD00EB8752 /* Typealias.swift */,
				4BD71A4C2A85EB9D00EB8752 /* iosApp.swift */,
				4B0D01E92A93F2E0005CF444 /* NeedleGenerated.swift */,
				4BD71A502A85EB9E00EB8752 /* Assets.xcassets */,
				4BD71A522A85EB9E00EB8752 /* Preview Content */,
				4BF5B6762B5A1A57003D600E /* Publisher.swift */,
			);
			path = kofero;
			sourceTree = "<group>";
		};
		4BD71A522A85EB9E00EB8752 /* Preview Content */ = {
			isa = PBXGroup;
			children = (
				4BD71A532A85EB9E00EB8752 /* Preview Assets.xcassets */,
			);
			path = "Preview Content";
			sourceTree = "<group>";
		};
		4BD71A5A2A85F4DC00EB8752 /* encoder */ = {
			isa = PBXGroup;
			children = (
				4BD71A5C2A85F4DC00EB8752 /* StringEncoder.swift */,
				4BD71A5B2A85F4DC00EB8752 /* Encoder.swift */,
				4BD71A5D2A85F4DC00EB8752 /* JsonStringEncoder.swift */,
			);
			path = encoder;
			sourceTree = "<group>";
		};
		4BD71A612A85F52000EB8752 /* mapper */ = {
			isa = PBXGroup;
			children = (
				4BD71A652A85F52000EB8752 /* CharacterMapperImpl.swift */,
				4BD71A662A85F52000EB8752 /* GameMapperImpl.swift */,
				4BD71A632A85F52000EB8752 /* MoveMapperImpl.swift */,
				4BF5B6782B5A202E003D600E /* StatusMapperImpl.swift */,
				4BBAE1D12B5F9FED00C50536 /* RequestMapperImpl.swift */,
				4BBAE1D32B6050DC00C50536 /* DataMapper.swift */,
				4BBAE1D52B60513500C50536 /* Mapper.swift */,
				4BBAE1DD2B61E00C00C50536 /* StringMapper.swift */,
				4BBAE1DF2B61E11100C50536 /* StateMapperImpl.swift */,
				4B74094B2B6C5FB300AB723A /* AuthMapperImpl.swift */,
				4B74097E2B7F4A7D00AB723A /* FavoritesMapper.swift */,
				4BE3B0582BB395F000BA25E8 /* CopyMapper.swift */,
			);
			path = mapper;
			sourceTree = "<group>";
		};
		4BD71A6C2A85F59800EB8752 /* provider */ = {
			isa = PBXGroup;
			children = (
				4BD71A6D2A85F59800EB8752 /* ImageProviderImpl.swift */,
				4BD71A6F2A85F59800EB8752 /* FavoritesProviderImpl.swift */,
				4BD71A712A85F59800EB8752 /* LoggingProviderImpl.swift */,
				4BF5B6742B588D28003D600E /* StatusProviderImpl.swift */,
				4BBAE1D92B61D71C00C50536 /* DiskAccessorImpl.swift */,
				4BBAE1DB2B61DE5200C50536 /* StateLoggerImpl.swift */,
				4B7409492B6C5F1C00AB723A /* AuthDiskAccessorImpl.swift */,
				4B74094D2B6C608800AB723A /* IdentityProviderImpl.swift */,
			);
			path = provider;
			sourceTree = "<group>";
		};
		4BD71A862A8B0D7300EB8752 /* di */ = {
			isa = PBXGroup;
			children = (
				4BD71A872A8B0D7300EB8752 /* GameComponent.swift */,
				4BD71A882A8B0D7300EB8752 /* RootComponent.swift */,
				4BD71A892A8B0D7300EB8752 /* MoveComponent.swift */,
				4BD71A8A2A8B0D7300EB8752 /* CharacterComponent.swift */,
				4BD71A8B2A8B0D7300EB8752 /* HomeComponent.swift */,
			);
			path = di;
			sourceTree = "<group>";
		};
		4BD71A912A8D894F00EB8752 /* view */ = {
			isa = PBXGroup;
			children = (
				4BD71A9A2A8D8F9D00EB8752 /* CharView.swift */,
				4BD71A982A8D8F8300EB8752 /* GameView.swift */,
				4BD71A962A8D8C7900EB8752 /* HomeView.swift */,
				4BD71AA92A8F165F00EB8752 /* RootView.swift */,
				4BE92F8A2B66F598000C52A4 /* Router.swift */,
				4BE92F8C2B66F5C8000C52A4 /* RouterHost.swift */,
				4B74094F2B7307C000AB723A /* Route.swift */,
			);
			path = view;
			sourceTree = "<group>";
		};
		7C2B9713EAB5AE47C504B2E4 /* Pods */ = {
			isa = PBXGroup;
			children = (
				EC45A293C1DC511ECF799781 /* Pods-kofero.debug.xcconfig */,
				5926CEBBF3AC4FF4D9BE7E25 /* Pods-kofero.release.xcconfig */,
			);
			path = Pods;
			sourceTree = "<group>";
		};
		F3E36217C2A5B92CFF164699 /* Frameworks */ = {
			isa = PBXGroup;
			children = (
				976876D6C60861A8745D9EA3 /* Pods_kofero.framework */,
			);
			name = Frameworks;
			sourceTree = "<group>";
		};
/* End PBXGroup section */

/* Begin PBXNativeTarget section */
		4B7409522B731D4700AB723A /* koferoWatch */ = {
			isa = PBXNativeTarget;
			buildConfigurationList = 4B7409782B731D4B00AB723A /* Build configuration list for PBXNativeTarget "koferoWatch" */;
			buildPhases = (
				4B7409512B731D4700AB723A /* Resources */,
				4B7409772B731D4B00AB723A /* Embed App Extensions */,
			);
			buildRules = (
			);
			dependencies = (
				4B74095E2B731D4A00AB723A /* PBXTargetDependency */,
			);
			name = koferoWatch;
			productName = koferoWatch;
			productReference = 4B7409532B731D4700AB723A /* koferoWatch.app */;
			productType = "com.apple.product-type.application.watchapp2";
		};
		4B74095A2B731D4A00AB723A /* koferoWatch WatchKit Extension */ = {
			isa = PBXNativeTarget;
			buildConfigurationList = 4B7409742B731D4B00AB723A /* Build configuration list for PBXNativeTarget "koferoWatch WatchKit Extension" */;
			buildPhases = (
				4B7409572B731D4A00AB723A /* Sources */,
				4B7409582B731D4A00AB723A /* Frameworks */,
				4B7409592B731D4A00AB723A /* Resources */,
			);
			buildRules = (
			);
			dependencies = (
			);
			name = "koferoWatch WatchKit Extension";
			productName = "koferoWatch WatchKit Extension";
			productReference = 4B74095B2B731D4A00AB723A /* koferoWatch WatchKit Extension.appex */;
			productType = "com.apple.product-type.watchkit2-extension";
		};
		4BD71A482A85EB9D00EB8752 /* kofero */ = {
			isa = PBXNativeTarget;
			buildConfigurationList = 4BD71A572A85EB9E00EB8752 /* Build configuration list for PBXNativeTarget "kofero" */;
			buildPhases = (
				8901B00833273E65D205F8F2 /* [CP] Check Pods Manifest.lock */,
				4BD71A452A85EB9D00EB8752 /* Sources */,
				4B0D01E12A914D3E005CF444 /* ShellScript */,
				4BD71A462A85EB9D00EB8752 /* Frameworks */,
				4BD71A472A85EB9D00EB8752 /* Resources */,
				B67F3E5AE99269719CBA3CA6 /* [CP] Embed Pods Frameworks */,
				4B74097B2B731D4B00AB723A /* Embed Watch Content */,
			);
			buildRules = (
			);
			dependencies = (
				4B7409722B731D4B00AB723A /* PBXTargetDependency */,
			);
			name = kofero;
			packageProductDependencies = (
				4B060E1C2BADF3DC000211BD /* FirebaseAnalytics */,
				4B060E1E2BADF3DC000211BD /* FirebaseAnalyticsSwift */,
				4B060E202BADF3DC000211BD /* FirebaseCrashlytics */,
			);
			productName = ios;
			productReference = 4BD71A492A85EB9D00EB8752 /* kofero.app */;
			productType = "com.apple.product-type.application";
		};
/* End PBXNativeTarget section */

/* Begin PBXProject section */
		4BD71A412A85EB9D00EB8752 /* Project object */ = {
			isa = PBXProject;
			attributes = {
				BuildIndependentTargetsInParallel = 1;
				LastSwiftUpdateCheck = 1330;
				LastUpgradeCheck = 1330;
				TargetAttributes = {
					4B7409522B731D4700AB723A = {
						CreatedOnToolsVersion = 13.3;
					};
					4B74095A2B731D4A00AB723A = {
						CreatedOnToolsVersion = 13.3;
					};
					4BD71A482A85EB9D00EB8752 = {
						CreatedOnToolsVersion = 13.3;
					};
				};
			};
			buildConfigurationList = 4BD71A442A85EB9D00EB8752 /* Build configuration list for PBXProject "kofero" */;
			compatibilityVersion = "Xcode 13.0";
			developmentRegion = en;
			hasScannedForEncodings = 0;
			knownRegions = (
				en,
				Base,
			);
			mainGroup = 4BD71A402A85EB9D00EB8752;
			packageReferences = (
				4B060E1B2BADF3DC000211BD /* XCRemoteSwiftPackageReference "firebase-ios-sdk" */,
			);
			productRefGroup = 4BD71A4A2A85EB9D00EB8752 /* Products */;
			projectDirPath = "";
			projectRoot = "";
			targets = (
				4BD71A482A85EB9D00EB8752 /* kofero */,
				4B7409522B731D4700AB723A /* koferoWatch */,
				4B74095A2B731D4A00AB723A /* koferoWatch WatchKit Extension */,
			);
		};
/* End PBXProject section */

/* Begin PBXResourcesBuildPhase section */
		4B7409512B731D4700AB723A /* Resources */ = {
			isa = PBXResourcesBuildPhase;
			buildActionMask = 2147483647;
			files = (
				4B7409562B731D4900AB723A /* Assets.xcassets in Resources */,
				4B060E242BAE0DCD000211BD /* GoogleService-Info.plist in Resources */,
			);
			runOnlyForDeploymentPostprocessing = 0;
		};
		4B7409592B731D4A00AB723A /* Resources */ = {
			isa = PBXResourcesBuildPhase;
			buildActionMask = 2147483647;
			files = (
				4B74096E2B731D4B00AB723A /* Preview Assets.xcassets in Resources */,
				4B74096B2B731D4B00AB723A /* Assets.xcassets in Resources */,
				4B060E252BAE0DCD000211BD /* GoogleService-Info.plist in Resources */,
			);
			runOnlyForDeploymentPostprocessing = 0;
		};
		4BD71A472A85EB9D00EB8752 /* Resources */ = {
			isa = PBXResourcesBuildPhase;
			buildActionMask = 2147483647;
			files = (
				4BD71A542A85EB9E00EB8752 /* Preview Assets.xcassets in Resources */,
				4BD71A512A85EB9E00EB8752 /* Assets.xcassets in Resources */,
				4B060E232BAE0DCD000211BD /* GoogleService-Info.plist in Resources */,
			);
			runOnlyForDeploymentPostprocessing = 0;
		};
/* End PBXResourcesBuildPhase section */

/* Begin PBXShellScriptBuildPhase section */
		4B0D01E12A914D3E005CF444 /* ShellScript */ = {
			isa = PBXShellScriptBuildPhase;
			buildActionMask = 2147483647;
			files = (
			);
			inputFileListPaths = (
			);
			inputPaths = (
			);
			outputFileListPaths = (
			);
			outputPaths = (
			);
			runOnlyForDeploymentPostprocessing = 0;
			shellPath = /bin/sh;
			shellScript = "export SOURCEKIT_LOGGING=0 && needle generate kofero/NeedleGenerated.swift kofero/\n";
		};
		8901B00833273E65D205F8F2 /* [CP] Check Pods Manifest.lock */ = {
			isa = PBXShellScriptBuildPhase;
			buildActionMask = 2147483647;
			files = (
			);
			inputFileListPaths = (
			);
			inputPaths = (
				"${PODS_PODFILE_DIR_PATH}/Podfile.lock",
				"${PODS_ROOT}/Manifest.lock",
			);
			name = "[CP] Check Pods Manifest.lock";
			outputFileListPaths = (
			);
			outputPaths = (
				"$(DERIVED_FILE_DIR)/Pods-kofero-checkManifestLockResult.txt",
			);
			runOnlyForDeploymentPostprocessing = 0;
			shellPath = /bin/sh;
			shellScript = "diff \"${PODS_PODFILE_DIR_PATH}/Podfile.lock\" \"${PODS_ROOT}/Manifest.lock\" > /dev/null\nif [ $? != 0 ] ; then\n    # print error to STDERR\n    echo \"error: The sandbox is not in sync with the Podfile.lock. Run 'pod install' or update your CocoaPods installation.\" >&2\n    exit 1\nfi\n# This output is used by Xcode 'outputs' to avoid re-running this script phase.\necho \"SUCCESS\" > \"${SCRIPT_OUTPUT_FILE_0}\"\n";
			showEnvVarsInLog = 0;
		};
		B67F3E5AE99269719CBA3CA6 /* [CP] Embed Pods Frameworks */ = {
			isa = PBXShellScriptBuildPhase;
			buildActionMask = 2147483647;
			files = (
			);
			inputFileListPaths = (
				"${PODS_ROOT}/Target Support Files/Pods-kofero/Pods-kofero-frameworks-${CONFIGURATION}-input-files.xcfilelist",
			);
			name = "[CP] Embed Pods Frameworks";
			outputFileListPaths = (
				"${PODS_ROOT}/Target Support Files/Pods-kofero/Pods-kofero-frameworks-${CONFIGURATION}-output-files.xcfilelist",
			);
			runOnlyForDeploymentPostprocessing = 0;
			shellPath = /bin/sh;
			shellScript = "\"${PODS_ROOT}/Target Support Files/Pods-kofero/Pods-kofero-frameworks.sh\"\n";
			showEnvVarsInLog = 0;
		};
/* End PBXShellScriptBuildPhase section */

/* Begin PBXSourcesBuildPhase section */
		4B7409572B731D4A00AB723A /* Sources */ = {
			isa = PBXSourcesBuildPhase;
			buildActionMask = 2147483647;
			files = (
				4B7409652B731D4A00AB723A /* NotificationController.swift in Sources */,
				4B7409632B731D4A00AB723A /* ContentView.swift in Sources */,
				4B7409692B731D4A00AB723A /* ComplicationController.swift in Sources */,
				4B7409612B731D4A00AB723A /* koferoApp.swift in Sources */,
				4B7409672B731D4A00AB723A /* NotificationView.swift in Sources */,
			);
			runOnlyForDeploymentPostprocessing = 0;
		};
		4BD71A452A85EB9D00EB8752 /* Sources */ = {
			isa = PBXSourcesBuildPhase;
			buildActionMask = 2147483647;
			files = (
				4BD71A742A85F59800EB8752 /* FavoritesProviderImpl.swift in Sources */,
				4BD71A762A85F59800EB8752 /* LoggingProviderImpl.swift in Sources */,
				4BD71A722A85F59800EB8752 /* ImageProviderImpl.swift in Sources */,
				4BD71AAA2A8F165F00EB8752 /* RootView.swift in Sources */,
				4BD71A602A85F4DC00EB8752 /* JsonStringEncoder.swift in Sources */,
				4BE92F8B2B66F598000C52A4 /* Router.swift in Sources */,
				4BD71A6B2A85F52000EB8752 /* GameMapperImpl.swift in Sources */,
				4BD71AA82A8F15BD00EB8752 /* Typealias.swift in Sources */,
				4B74094E2B6C608800AB723A /* IdentityProviderImpl.swift in Sources */,
				4BD71A8C2A8B0D7300EB8752 /* GameComponent.swift in Sources */,
				4B74094A2B6C5F1C00AB723A /* AuthDiskAccessorImpl.swift in Sources */,
				4BBAE1DA2B61D71C00C50536 /* DiskAccessorImpl.swift in Sources */,
				4BBAE1D62B60513500C50536 /* Mapper.swift in Sources */,
				4BD71A9B2A8D8F9D00EB8752 /* CharView.swift in Sources */,
				4B74097F2B7F4A7D00AB723A /* FavoritesMapper.swift in Sources */,
				4BBAE1E02B61E11100C50536 /* StateMapperImpl.swift in Sources */,
				4BD71A8F2A8B0D7300EB8752 /* CharacterComponent.swift in Sources */,
				4BBAE1DC2B61DE5200C50536 /* StateLoggerImpl.swift in Sources */,
				4B74094C2B6C5FB300AB723A /* AuthMapperImpl.swift in Sources */,
				4B0D01EA2A93F2E0005CF444 /* NeedleGenerated.swift in Sources */,
				4BE92F8D2B66F5C8000C52A4 /* RouterHost.swift in Sources */,
				4BE3B0592BB395F000BA25E8 /* CopyMapper.swift in Sources */,
				4BBAE1D22B5F9FED00C50536 /* RequestMapperImpl.swift in Sources */,
				4BD71A5F2A85F4DC00EB8752 /* StringEncoder.swift in Sources */,
				4BD71A6A2A85F52000EB8752 /* CharacterMapperImpl.swift in Sources */,
				4BD71A682A85F52000EB8752 /* MoveMapperImpl.swift in Sources */,
				4BD71A902A8B0D7300EB8752 /* HomeComponent.swift in Sources */,
				4BBAE1D42B6050DC00C50536 /* DataMapper.swift in Sources */,
				4BBAE1DE2B61E00C00C50536 /* StringMapper.swift in Sources */,
				4BF5B6772B5A1A57003D600E /* Publisher.swift in Sources */,
				4BD71A8D2A8B0D7300EB8752 /* RootComponent.swift in Sources */,
				4BF5B6792B5A202E003D600E /* StatusMapperImpl.swift in Sources */,
				4BD71A8E2A8B0D7300EB8752 /* MoveComponent.swift in Sources */,
				4BD71AA12A8EAECF00EB8752 /* Extension.swift in Sources */,
				4BD71A4D2A85EB9D00EB8752 /* iosApp.swift in Sources */,
				4BF5B6752B588D28003D600E /* StatusProviderImpl.swift in Sources */,
				4BD71A972A8D8C7900EB8752 /* HomeView.swift in Sources */,
				4BD71A992A8D8F8300EB8752 /* GameView.swift in Sources */,
				4BD71A5E2A85F4DC00EB8752 /* Encoder.swift in Sources */,
				4B7409502B7307C000AB723A /* Route.swift in Sources */,
			);
			runOnlyForDeploymentPostprocessing = 0;
		};
/* End PBXSourcesBuildPhase section */

/* Begin PBXTargetDependency section */
		4B74095E2B731D4A00AB723A /* PBXTargetDependency */ = {
			isa = PBXTargetDependency;
			target = 4B74095A2B731D4A00AB723A /* koferoWatch WatchKit Extension */;
			targetProxy = 4B74095D2B731D4A00AB723A /* PBXContainerItemProxy */;
		};
		4B7409722B731D4B00AB723A /* PBXTargetDependency */ = {
			isa = PBXTargetDependency;
			target = 4B7409522B731D4700AB723A /* koferoWatch */;
			targetProxy = 4B7409712B731D4B00AB723A /* PBXContainerItemProxy */;
		};
/* End PBXTargetDependency section */

/* Begin XCBuildConfiguration section */
		4B7409752B731D4B00AB723A /* Debug */ = {
			isa = XCBuildConfiguration;
			buildSettings = {
				ASSETCATALOG_COMPILER_COMPLICATION_NAME = Complication;
				CODE_SIGN_STYLE = Automatic;
				CURRENT_PROJECT_VERSION = 1;
				DEVELOPMENT_ASSET_PATHS = "\"koferoWatch WatchKit Extension/Preview Content\"";
				DEVELOPMENT_TEAM = 3GDW646NZ5;
				ENABLE_PREVIEWS = YES;
				GENERATE_INFOPLIST_FILE = YES;
				INFOPLIST_FILE = "koferoWatch WatchKit Extension/Info.plist";
				INFOPLIST_KEY_CFBundleDisplayName = "koferoWatch WatchKit Extension";
				INFOPLIST_KEY_CLKComplicationPrincipalClass = "$(PRODUCT_MODULE_NAME).ComplicationController";
				INFOPLIST_KEY_NSHumanReadableCopyright = "";
				LD_RUNPATH_SEARCH_PATHS = (
					"$(inherited)",
					"@executable_path/Frameworks",
					"@executable_path/../../Frameworks",
				);
				MARKETING_VERSION = 1.0;
				PRODUCT_BUNDLE_IDENTIFIER = ro.kofe.watchkitapp.watchkitextension;
				PRODUCT_NAME = "${TARGET_NAME}";
				SDKROOT = watchos;
				SKIP_INSTALL = YES;
				SWIFT_EMIT_LOC_STRINGS = YES;
				SWIFT_VERSION = 5.0;
				TARGETED_DEVICE_FAMILY = 4;
				WATCHOS_DEPLOYMENT_TARGET = 8.5;
			};
			name = Debug;
		};
		4B7409762B731D4B00AB723A /* Release */ = {
			isa = XCBuildConfiguration;
			buildSettings = {
				ASSETCATALOG_COMPILER_COMPLICATION_NAME = Complication;
				CODE_SIGN_STYLE = Automatic;
				CURRENT_PROJECT_VERSION = 1;
				DEVELOPMENT_ASSET_PATHS = "\"koferoWatch WatchKit Extension/Preview Content\"";
				DEVELOPMENT_TEAM = 3GDW646NZ5;
				ENABLE_PREVIEWS = YES;
				GENERATE_INFOPLIST_FILE = YES;
				INFOPLIST_FILE = "koferoWatch WatchKit Extension/Info.plist";
				INFOPLIST_KEY_CFBundleDisplayName = "koferoWatch WatchKit Extension";
				INFOPLIST_KEY_CLKComplicationPrincipalClass = "$(PRODUCT_MODULE_NAME).ComplicationController";
				INFOPLIST_KEY_NSHumanReadableCopyright = "";
				LD_RUNPATH_SEARCH_PATHS = (
					"$(inherited)",
					"@executable_path/Frameworks",
					"@executable_path/../../Frameworks",
				);
				MARKETING_VERSION = 1.0;
				PRODUCT_BUNDLE_IDENTIFIER = ro.kofe.watchkitapp.watchkitextension;
				PRODUCT_NAME = "${TARGET_NAME}";
				SDKROOT = watchos;
				SKIP_INSTALL = YES;
				SWIFT_EMIT_LOC_STRINGS = YES;
				SWIFT_VERSION = 5.0;
				TARGETED_DEVICE_FAMILY = 4;
				WATCHOS_DEPLOYMENT_TARGET = 8.5;
			};
			name = Release;
		};
		4B7409792B731D4B00AB723A /* Debug */ = {
			isa = XCBuildConfiguration;
			buildSettings = {
				ALWAYS_EMBED_SWIFT_STANDARD_LIBRARIES = YES;
				ASSETCATALOG_COMPILER_APPICON_NAME = AppIcon;
				ASSETCATALOG_COMPILER_GLOBAL_ACCENT_COLOR_NAME = AccentColor;
				CODE_SIGN_STYLE = Automatic;
				CURRENT_PROJECT_VERSION = 1;
				DEVELOPMENT_TEAM = 3GDW646NZ5;
				GENERATE_INFOPLIST_FILE = YES;
				IBSC_MODULE = koferoWatch_WatchKit_Extension;
				INFOPLIST_KEY_CFBundleDisplayName = koferoWatch;
				INFOPLIST_KEY_UISupportedInterfaceOrientations = "UIInterfaceOrientationPortrait UIInterfaceOrientationPortraitUpsideDown";
				INFOPLIST_KEY_WKCompanionAppBundleIdentifier = ro.kofe;
				MARKETING_VERSION = 1.0;
				PRODUCT_BUNDLE_IDENTIFIER = ro.kofe.watchkitapp;
				PRODUCT_NAME = "$(TARGET_NAME)";
				SDKROOT = watchos;
				SKIP_INSTALL = YES;
				SWIFT_EMIT_LOC_STRINGS = YES;
				SWIFT_VERSION = 5.0;
				TARGETED_DEVICE_FAMILY = 4;
				WATCHOS_DEPLOYMENT_TARGET = 8.5;
			};
			name = Debug;
		};
		4B74097A2B731D4B00AB723A /* Release */ = {
			isa = XCBuildConfiguration;
			buildSettings = {
				ALWAYS_EMBED_SWIFT_STANDARD_LIBRARIES = YES;
				ASSETCATALOG_COMPILER_APPICON_NAME = AppIcon;
				ASSETCATALOG_COMPILER_GLOBAL_ACCENT_COLOR_NAME = AccentColor;
				CODE_SIGN_STYLE = Automatic;
				CURRENT_PROJECT_VERSION = 1;
				DEVELOPMENT_TEAM = 3GDW646NZ5;
				GENERATE_INFOPLIST_FILE = YES;
				IBSC_MODULE = koferoWatch_WatchKit_Extension;
				INFOPLIST_KEY_CFBundleDisplayName = koferoWatch;
				INFOPLIST_KEY_UISupportedInterfaceOrientations = "UIInterfaceOrientationPortrait UIInterfaceOrientationPortraitUpsideDown";
				INFOPLIST_KEY_WKCompanionAppBundleIdentifier = ro.kofe;
				MARKETING_VERSION = 1.0;
				PRODUCT_BUNDLE_IDENTIFIER = ro.kofe.watchkitapp;
				PRODUCT_NAME = "$(TARGET_NAME)";
				SDKROOT = watchos;
				SKIP_INSTALL = YES;
				SWIFT_EMIT_LOC_STRINGS = YES;
				SWIFT_VERSION = 5.0;
				TARGETED_DEVICE_FAMILY = 4;
				WATCHOS_DEPLOYMENT_TARGET = 8.5;
			};
			name = Release;
		};
		4BD71A552A85EB9E00EB8752 /* Debug */ = {
			isa = XCBuildConfiguration;
			buildSettings = {
				ALWAYS_SEARCH_USER_PATHS = NO;
				CLANG_ANALYZER_NONNULL = YES;
				CLANG_ANALYZER_NUMBER_OBJECT_CONVERSION = YES_AGGRESSIVE;
				CLANG_CXX_LANGUAGE_STANDARD = "gnu++17";
				CLANG_ENABLE_MODULES = YES;
				CLANG_ENABLE_OBJC_ARC = YES;
				CLANG_ENABLE_OBJC_WEAK = YES;
				CLANG_WARN_BLOCK_CAPTURE_AUTORELEASING = YES;
				CLANG_WARN_BOOL_CONVERSION = YES;
				CLANG_WARN_COMMA = YES;
				CLANG_WARN_CONSTANT_CONVERSION = YES;
				CLANG_WARN_DEPRECATED_OBJC_IMPLEMENTATIONS = YES;
				CLANG_WARN_DIRECT_OBJC_ISA_USAGE = YES_ERROR;
				CLANG_WARN_DOCUMENTATION_COMMENTS = YES;
				CLANG_WARN_EMPTY_BODY = YES;
				CLANG_WARN_ENUM_CONVERSION = YES;
				CLANG_WARN_INFINITE_RECURSION = YES;
				CLANG_WARN_INT_CONVERSION = YES;
				CLANG_WARN_NON_LITERAL_NULL_CONVERSION = YES;
				CLANG_WARN_OBJC_IMPLICIT_RETAIN_SELF = YES;
				CLANG_WARN_OBJC_LITERAL_CONVERSION = YES;
				CLANG_WARN_OBJC_ROOT_CLASS = YES_ERROR;
				CLANG_WARN_QUOTED_INCLUDE_IN_FRAMEWORK_HEADER = YES;
				CLANG_WARN_RANGE_LOOP_ANALYSIS = YES;
				CLANG_WARN_STRICT_PROTOTYPES = YES;
				CLANG_WARN_SUSPICIOUS_MOVE = YES;
				CLANG_WARN_UNGUARDED_AVAILABILITY = YES_AGGRESSIVE;
				CLANG_WARN_UNREACHABLE_CODE = YES;
				CLANG_WARN__DUPLICATE_METHOD_MATCH = YES;
				COPY_PHASE_STRIP = NO;
				DEBUG_INFORMATION_FORMAT = dwarf;
				ENABLE_STRICT_OBJC_MSGSEND = YES;
				ENABLE_TESTABILITY = YES;
				GCC_C_LANGUAGE_STANDARD = gnu11;
				GCC_DYNAMIC_NO_PIC = NO;
				GCC_NO_COMMON_BLOCKS = YES;
				GCC_OPTIMIZATION_LEVEL = 0;
				GCC_PREPROCESSOR_DEFINITIONS = (
					"DEBUG=1",
					"$(inherited)",
				);
				GCC_WARN_64_TO_32_BIT_CONVERSION = YES;
				GCC_WARN_ABOUT_RETURN_TYPE = YES_ERROR;
				GCC_WARN_UNDECLARED_SELECTOR = YES;
				GCC_WARN_UNINITIALIZED_AUTOS = YES_AGGRESSIVE;
				GCC_WARN_UNUSED_FUNCTION = YES;
				GCC_WARN_UNUSED_VARIABLE = YES;
				IPHONEOS_DEPLOYMENT_TARGET = 15.4;
				MTL_ENABLE_DEBUG_INFO = INCLUDE_SOURCE;
				MTL_FAST_MATH = YES;
				ONLY_ACTIVE_ARCH = YES;
				SDKROOT = iphoneos;
				SWIFT_ACTIVE_COMPILATION_CONDITIONS = DEBUG;
				SWIFT_OPTIMIZATION_LEVEL = "-Onone";
			};
			name = Debug;
		};
		4BD71A562A85EB9E00EB8752 /* Release */ = {
			isa = XCBuildConfiguration;
			buildSettings = {
				ALWAYS_SEARCH_USER_PATHS = NO;
				CLANG_ANALYZER_NONNULL = YES;
				CLANG_ANALYZER_NUMBER_OBJECT_CONVERSION = YES_AGGRESSIVE;
				CLANG_CXX_LANGUAGE_STANDARD = "gnu++17";
				CLANG_ENABLE_MODULES = YES;
				CLANG_ENABLE_OBJC_ARC = YES;
				CLANG_ENABLE_OBJC_WEAK = YES;
				CLANG_WARN_BLOCK_CAPTURE_AUTORELEASING = YES;
				CLANG_WARN_BOOL_CONVERSION = YES;
				CLANG_WARN_COMMA = YES;
				CLANG_WARN_CONSTANT_CONVERSION = YES;
				CLANG_WARN_DEPRECATED_OBJC_IMPLEMENTATIONS = YES;
				CLANG_WARN_DIRECT_OBJC_ISA_USAGE = YES_ERROR;
				CLANG_WARN_DOCUMENTATION_COMMENTS = YES;
				CLANG_WARN_EMPTY_BODY = YES;
				CLANG_WARN_ENUM_CONVERSION = YES;
				CLANG_WARN_INFINITE_RECURSION = YES;
				CLANG_WARN_INT_CONVERSION = YES;
				CLANG_WARN_NON_LITERAL_NULL_CONVERSION = YES;
				CLANG_WARN_OBJC_IMPLICIT_RETAIN_SELF = YES;
				CLANG_WARN_OBJC_LITERAL_CONVERSION = YES;
				CLANG_WARN_OBJC_ROOT_CLASS = YES_ERROR;
				CLANG_WARN_QUOTED_INCLUDE_IN_FRAMEWORK_HEADER = YES;
				CLANG_WARN_RANGE_LOOP_ANALYSIS = YES;
				CLANG_WARN_STRICT_PROTOTYPES = YES;
				CLANG_WARN_SUSPICIOUS_MOVE = YES;
				CLANG_WARN_UNGUARDED_AVAILABILITY = YES_AGGRESSIVE;
				CLANG_WARN_UNREACHABLE_CODE = YES;
				CLANG_WARN__DUPLICATE_METHOD_MATCH = YES;
				COPY_PHASE_STRIP = NO;
				DEBUG_INFORMATION_FORMAT = "dwarf-with-dsym";
				ENABLE_NS_ASSERTIONS = NO;
				ENABLE_STRICT_OBJC_MSGSEND = YES;
				GCC_C_LANGUAGE_STANDARD = gnu11;
				GCC_NO_COMMON_BLOCKS = YES;
				GCC_WARN_64_TO_32_BIT_CONVERSION = YES;
				GCC_WARN_ABOUT_RETURN_TYPE = YES_ERROR;
				GCC_WARN_UNDECLARED_SELECTOR = YES;
				GCC_WARN_UNINITIALIZED_AUTOS = YES_AGGRESSIVE;
				GCC_WARN_UNUSED_FUNCTION = YES;
				GCC_WARN_UNUSED_VARIABLE = YES;
				IPHONEOS_DEPLOYMENT_TARGET = 15.4;
				MTL_ENABLE_DEBUG_INFO = NO;
				MTL_FAST_MATH = YES;
				SDKROOT = iphoneos;
				SWIFT_COMPILATION_MODE = wholemodule;
				SWIFT_OPTIMIZATION_LEVEL = "-O";
				VALIDATE_PRODUCT = YES;
			};
			name = Release;
		};
		4BD71A582A85EB9E00EB8752 /* Debug */ = {
			isa = XCBuildConfiguration;
			baseConfigurationReference = EC45A293C1DC511ECF799781 /* Pods-kofero.debug.xcconfig */;
			buildSettings = {
				ASSETCATALOG_COMPILER_APPICON_NAME = AppIcon;
				ASSETCATALOG_COMPILER_GLOBAL_ACCENT_COLOR_NAME = AccentColor;
				CODE_SIGN_STYLE = Automatic;
				CURRENT_PROJECT_VERSION = 1;
				DEVELOPMENT_ASSET_PATHS = "\"kofero/Preview Content\"";
				DEVELOPMENT_TEAM = 3GDW646NZ5;
				ENABLE_PREVIEWS = YES;
				GENERATE_INFOPLIST_FILE = YES;
				INFOPLIST_FILE = kofero/Info.plist;
				INFOPLIST_KEY_LSApplicationCategoryType = "";
				INFOPLIST_KEY_UIApplicationSceneManifest_Generation = YES;
				INFOPLIST_KEY_UIApplicationSupportsIndirectInputEvents = YES;
				INFOPLIST_KEY_UILaunchScreen_Generation = YES;
				INFOPLIST_KEY_UISupportedInterfaceOrientations_iPad = "UIInterfaceOrientationPortrait UIInterfaceOrientationPortraitUpsideDown UIInterfaceOrientationLandscapeLeft UIInterfaceOrientationLandscapeRight";
				INFOPLIST_KEY_UISupportedInterfaceOrientations_iPhone = "UIInterfaceOrientationPortrait UIInterfaceOrientationLandscapeLeft UIInterfaceOrientationLandscapeRight";
				LD_RUNPATH_SEARCH_PATHS = (
					"$(inherited)",
					"@executable_path/Frameworks",
				);
				MARKETING_VERSION = 1.0;
				PRODUCT_BUNDLE_IDENTIFIER = ro.kofe;
				PRODUCT_NAME = "$(TARGET_NAME)";
				SWIFT_EMIT_LOC_STRINGS = YES;
				SWIFT_VERSION = 5.0;
				TARGETED_DEVICE_FAMILY = "1,2";
			};
			name = Debug;
		};
		4BD71A592A85EB9E00EB8752 /* Release */ = {
			isa = XCBuildConfiguration;
			baseConfigurationReference = 5926CEBBF3AC4FF4D9BE7E25 /* Pods-kofero.release.xcconfig */;
			buildSettings = {
				ASSETCATALOG_COMPILER_APPICON_NAME = AppIcon;
				ASSETCATALOG_COMPILER_GLOBAL_ACCENT_COLOR_NAME = AccentColor;
				CODE_SIGN_STYLE = Automatic;
				CURRENT_PROJECT_VERSION = 1;
				DEVELOPMENT_ASSET_PATHS = "\"kofero/Preview Content\"";
				DEVELOPMENT_TEAM = 3GDW646NZ5;
				ENABLE_PREVIEWS = YES;
				GENERATE_INFOPLIST_FILE = YES;
				INFOPLIST_FILE = kofero/Info.plist;
				INFOPLIST_KEY_LSApplicationCategoryType = "";
				INFOPLIST_KEY_UIApplicationSceneManifest_Generation = YES;
				INFOPLIST_KEY_UIApplicationSupportsIndirectInputEvents = YES;
				INFOPLIST_KEY_UILaunchScreen_Generation = YES;
				INFOPLIST_KEY_UISupportedInterfaceOrientations_iPad = "UIInterfaceOrientationPortrait UIInterfaceOrientationPortraitUpsideDown UIInterfaceOrientationLandscapeLeft UIInterfaceOrientationLandscapeRight";
				INFOPLIST_KEY_UISupportedInterfaceOrientations_iPhone = "UIInterfaceOrientationPortrait UIInterfaceOrientationLandscapeLeft UIInterfaceOrientationLandscapeRight";
				LD_RUNPATH_SEARCH_PATHS = (
					"$(inherited)",
					"@executable_path/Frameworks",
				);
				MARKETING_VERSION = 1.0;
				PRODUCT_BUNDLE_IDENTIFIER = ro.kofe;
				PRODUCT_NAME = "$(TARGET_NAME)";
				SWIFT_EMIT_LOC_STRINGS = YES;
				SWIFT_VERSION = 5.0;
				TARGETED_DEVICE_FAMILY = "1,2";
			};
			name = Release;
		};
/* End XCBuildConfiguration section */

/* Begin XCConfigurationList section */
		4B7409742B731D4B00AB723A /* Build configuration list for PBXNativeTarget "koferoWatch WatchKit Extension" */ = {
			isa = XCConfigurationList;
			buildConfigurations = (
				4B7409752B731D4B00AB723A /* Debug */,
				4B7409762B731D4B00AB723A /* Release */,
			);
			defaultConfigurationIsVisible = 0;
			defaultConfigurationName = Release;
		};
		4B7409782B731D4B00AB723A /* Build configuration list for PBXNativeTarget "koferoWatch" */ = {
			isa = XCConfigurationList;
			buildConfigurations = (
				4B7409792B731D4B00AB723A /* Debug */,
				4B74097A2B731D4B00AB723A /* Release */,
			);
			defaultConfigurationIsVisible = 0;
			defaultConfigurationName = Release;
		};
		4BD71A442A85EB9D00EB8752 /* Build configuration list for PBXProject "kofero" */ = {
			isa = XCConfigurationList;
			buildConfigurations = (
				4BD71A552A85EB9E00EB8752 /* Debug */,
				4BD71A562A85EB9E00EB8752 /* Release */,
			);
			defaultConfigurationIsVisible = 0;
			defaultConfigurationName = Release;
		};
		4BD71A572A85EB9E00EB8752 /* Build configuration list for PBXNativeTarget "kofero" */ = {
			isa = XCConfigurationList;
			buildConfigurations = (
				4BD71A582A85EB9E00EB8752 /* Debug */,
				4BD71A592A85EB9E00EB8752 /* Release */,
			);
			defaultConfigurationIsVisible = 0;
			defaultConfigurationName = Release;
		};
/* End XCConfigurationList section */

/* Begin XCRemoteSwiftPackageReference section */
		4B060E1B2BADF3DC000211BD /* XCRemoteSwiftPackageReference "firebase-ios-sdk" */ = {
			isa = XCRemoteSwiftPackageReference;
			repositoryURL = "https://github.com/firebase/firebase-ios-sdk";
			requirement = {
				kind = upToNextMajorVersion;
				minimumVersion = 9.0.0;
			};
		};
/* End XCRemoteSwiftPackageReference section */

/* Begin XCSwiftPackageProductDependency section */
		4B060E1C2BADF3DC000211BD /* FirebaseAnalytics */ = {
			isa = XCSwiftPackageProductDependency;
			package = 4B060E1B2BADF3DC000211BD /* XCRemoteSwiftPackageReference "firebase-ios-sdk" */;
			productName = FirebaseAnalytics;
		};
		4B060E1E2BADF3DC000211BD /* FirebaseAnalyticsSwift */ = {
			isa = XCSwiftPackageProductDependency;
			package = 4B060E1B2BADF3DC000211BD /* XCRemoteSwiftPackageReference "firebase-ios-sdk" */;
			productName = FirebaseAnalyticsSwift;
		};
		4B060E202BADF3DC000211BD /* FirebaseCrashlytics */ = {
			isa = XCSwiftPackageProductDependency;
			package = 4B060E1B2BADF3DC000211BD /* XCRemoteSwiftPackageReference "firebase-ios-sdk" */;
			productName = FirebaseCrashlytics;
		};
/* End XCSwiftPackageProductDependency section */
	};
	rootObject = 4BD71A412A85EB9D00EB8752 /* Project object */;
}
